// !$*UTF8*$!
{
	archiveVersion = 1;
	classes = {
	};
	objectVersion = 56;
	objects = {

/* Begin PBXBuildFile section */
		320421952C19331500D72203 /* OpenAI in Frameworks */ = {isa = PBXBuildFile; productRef = 320421942C19331500D72203 /* OpenAI */; };
		320421972C1933EC00D72203 /* SystemDefine.swift in Sources */ = {isa = PBXBuildFile; fileRef = 320421962C1933EC00D72203 /* SystemDefine.swift */; };
		320421992C19343E00D72203 /* ChatViewModel.swift in Sources */ = {isa = PBXBuildFile; fileRef = 320421982C19343E00D72203 /* ChatViewModel.swift */; };
		3204219B2C193B4100D72203 /* ChatViews.swift in Sources */ = {isa = PBXBuildFile; fileRef = 3204219A2C193B4100D72203 /* ChatViews.swift */; };
		3204219E2C19405500D72203 /* SnapKit in Frameworks */ = {isa = PBXBuildFile; productRef = 3204219D2C19405500D72203 /* SnapKit */; };
		322A2CFF2C194A65007A8075 /* NSObject+.swift in Sources */ = {isa = PBXBuildFile; fileRef = 322A2CFE2C194A65007A8075 /* NSObject+.swift */; };
		322A2D012C194C88007A8075 /* UITableView+.swift in Sources */ = {isa = PBXBuildFile; fileRef = 322A2D002C194C88007A8075 /* UITableView+.swift */; };
		322A2D042C1974DC007A8075 /* OpenAIProtocol.swift in Sources */ = {isa = PBXBuildFile; fileRef = 322A2D032C1974DC007A8075 /* OpenAIProtocol.swift */; };
		322A2D062C198BA8007A8075 /* MessageModel.swift in Sources */ = {isa = PBXBuildFile; fileRef = 322A2D052C198BA8007A8075 /* MessageModel.swift */; };
		323E88A62C35251000401F50 /* NVActivityIndicatorView in Frameworks */ = {isa = PBXBuildFile; productRef = 323E88A52C35251000401F50 /* NVActivityIndicatorView */; };
		323E88A82C353D2200401F50 /* MainTabBarController.swift in Sources */ = {isa = PBXBuildFile; fileRef = 323E88A72C353D2200401F50 /* MainTabBarController.swift */; };
		323E88AC2C353DE800401F50 /* HistoryViewController.swift in Sources */ = {isa = PBXBuildFile; fileRef = 323E88AB2C353DE800401F50 /* HistoryViewController.swift */; };
		323E88AE2C353DFA00401F50 /* HomeViewController.swift in Sources */ = {isa = PBXBuildFile; fileRef = 323E88AD2C353DFA00401F50 /* HomeViewController.swift */; };
		323E88B02C353FE000401F50 /* ScreenLoader.swift in Sources */ = {isa = PBXBuildFile; fileRef = 323E88AF2C353FE000401F50 /* ScreenLoader.swift */; };
		323E88B22C354BA200401F50 /* HomeViews.swift in Sources */ = {isa = PBXBuildFile; fileRef = 323E88B12C354BA200401F50 /* HomeViews.swift */; };
		323E88B42C3B761800401F50 /* HistoryViews.swift in Sources */ = {isa = PBXBuildFile; fileRef = 323E88B32C3B761800401F50 /* HistoryViews.swift */; };
		3241BE412C3F7A720047BB71 /* SettingViews.swift in Sources */ = {isa = PBXBuildFile; fileRef = 3241BE402C3F7A720047BB71 /* SettingViews.swift */; };
		3241BE442C3F81D80047BB71 /* UserDefault+.swift in Sources */ = {isa = PBXBuildFile; fileRef = 3241BE432C3F81D80047BB71 /* UserDefault+.swift */; };
		3241BE462C3F82410047BB71 /* DefaultKeys.swift in Sources */ = {isa = PBXBuildFile; fileRef = 3241BE452C3F82410047BB71 /* DefaultKeys.swift */; };
		3241BE482C3F841E0047BB71 /* AccountManager.swift in Sources */ = {isa = PBXBuildFile; fileRef = 3241BE472C3F841E0047BB71 /* AccountManager.swift */; };
		3241BE4B2C44B01A0047BB71 /* ChatModel.swift in Sources */ = {isa = PBXBuildFile; fileRef = 3241BE4A2C44B01A0047BB71 /* ChatModel.swift */; };
		3241BE4E2C44B1B90047BB71 /* GRDB in Frameworks */ = {isa = PBXBuildFile; productRef = 3241BE4D2C44B1B90047BB71 /* GRDB */; };
		3241BE502C44B3FC0047BB71 /* DatabaseManager.swift in Sources */ = {isa = PBXBuildFile; fileRef = 3241BE4F2C44B3FC0047BB71 /* DatabaseManager.swift */; };
		3241BE532C4DEAAA0047BB71 /* NoteViewController.swift in Sources */ = {isa = PBXBuildFile; fileRef = 3241BE522C4DEAAA0047BB71 /* NoteViewController.swift */; };
		3241BE552C4DF0C70047BB71 /* NoteViewModel.swift in Sources */ = {isa = PBXBuildFile; fileRef = 3241BE542C4DF0C70047BB71 /* NoteViewModel.swift */; };
		3241BE572C4DF1AA0047BB71 /* NoteViews.swift in Sources */ = {isa = PBXBuildFile; fileRef = 3241BE562C4DF1AA0047BB71 /* NoteViews.swift */; };
		32690FC42C3CCF4B00700192 /* RemoteImageAttachment.swift in Sources */ = {isa = PBXBuildFile; fileRef = 32690FC32C3CCF4B00700192 /* RemoteImageAttachment.swift */; };
		32690FC62C3CE62A00700192 /* ImageFileHandler.swift in Sources */ = {isa = PBXBuildFile; fileRef = 32690FC52C3CE62A00700192 /* ImageFileHandler.swift */; };
		32690FCB2C3D2F0600700192 /* SettingViewController.swift in Sources */ = {isa = PBXBuildFile; fileRef = 32690FCA2C3D2F0600700192 /* SettingViewController.swift */; };
		32690FCD2C3D2F2400700192 /* MyNoteViewController.swift in Sources */ = {isa = PBXBuildFile; fileRef = 32690FCC2C3D2F2400700192 /* MyNoteViewController.swift */; };
		32690FCF2C3E2D2500700192 /* Test.xib in Resources */ = {isa = PBXBuildFile; fileRef = 32690FCE2C3E2D2500700192 /* Test.xib */; };
		32690FD12C3E679200700192 /* SpeechVoiceManager.swift in Sources */ = {isa = PBXBuildFile; fileRef = 32690FD02C3E679200700192 /* SpeechVoiceManager.swift */; };
		32690FD42C3E766300700192 /* VoicePickerViewController.swift in Sources */ = {isa = PBXBuildFile; fileRef = 32690FD32C3E766300700192 /* VoicePickerViewController.swift */; };
		326F728B2C29554B00B06DF8 /* UITextView+.swift in Sources */ = {isa = PBXBuildFile; fileRef = 326F728A2C29554B00B06DF8 /* UITextView+.swift */; };
		326F728E2C2A5CDE00B06DF8 /* SDWebImage in Frameworks */ = {isa = PBXBuildFile; productRef = 326F728D2C2A5CDE00B06DF8 /* SDWebImage */; };
		326F72902C2E4C4F00B06DF8 /* Array+.swift in Sources */ = {isa = PBXBuildFile; fileRef = 326F728F2C2E4C4F00B06DF8 /* Array+.swift */; };
		326F72922C2E910C00B06DF8 /* NSAttributedString+.swift in Sources */ = {isa = PBXBuildFile; fileRef = 326F72912C2E910C00B06DF8 /* NSAttributedString+.swift */; };
		327D28652C57314B00F6ED68 /* SharedGroupStorage.swift in Sources */ = {isa = PBXBuildFile; fileRef = 327D28642C57314B00F6ED68 /* SharedGroupStorage.swift */; };
		327D28682C5739C300F6ED68 /* ZMarkupParser in Frameworks */ = {isa = PBXBuildFile; productRef = 327D28672C5739C300F6ED68 /* ZMarkupParser */; };
		327D286D2C59E39200F6ED68 /* TextEditorViewController.swift in Sources */ = {isa = PBXBuildFile; fileRef = 327D286C2C59E39200F6ED68 /* TextEditorViewController.swift */; };
		327D286F2C5A10DC00F6ED68 /* NoActionTextView.swift in Sources */ = {isa = PBXBuildFile; fileRef = 327D286E2C5A10DC00F6ED68 /* NoActionTextView.swift */; };
		32800EEA2C1C229500FE5786 /* LoginViewController.swift in Sources */ = {isa = PBXBuildFile; fileRef = 32800EE92C1C229500FE5786 /* LoginViewController.swift */; };
		32800EED2C1C233D00FE5786 /* LogingViews.swift in Sources */ = {isa = PBXBuildFile; fileRef = 32800EEC2C1C233D00FE5786 /* LogingViews.swift */; };
		32800EEF2C1C239300FE5786 /* ControllerView.swift in Sources */ = {isa = PBXBuildFile; fileRef = 32800EEE2C1C239300FE5786 /* ControllerView.swift */; };
		32800EF12C1FE74600FE5786 /* UserValidation.swift in Sources */ = {isa = PBXBuildFile; fileRef = 32800EF02C1FE74600FE5786 /* UserValidation.swift */; };
		32800EF32C20105800FE5786 /* LoginViewModel.swift in Sources */ = {isa = PBXBuildFile; fileRef = 32800EF22C20105800FE5786 /* LoginViewModel.swift */; };
		32800EF52C20220500FE5786 /* BaseUIViewController.swift in Sources */ = {isa = PBXBuildFile; fileRef = 32800EF42C20220500FE5786 /* BaseUIViewController.swift */; };
		32800EF72C2023B400FE5786 /* LoadingView.swift in Sources */ = {isa = PBXBuildFile; fileRef = 32800EF62C2023B400FE5786 /* LoadingView.swift */; };
		32800EF92C202F8800FE5786 /* UIView+.swift in Sources */ = {isa = PBXBuildFile; fileRef = 32800EF82C202F8800FE5786 /* UIView+.swift */; };
		32800EFC2C211B8D00FE5786 /* LaunchViewController.swift in Sources */ = {isa = PBXBuildFile; fileRef = 32800EFB2C211B8D00FE5786 /* LaunchViewController.swift */; };
		32800EFE2C21316D00FE5786 /* LaunchScreen.storyboard in Resources */ = {isa = PBXBuildFile; fileRef = 32800EFD2C21316D00FE5786 /* LaunchScreen.storyboard */; };
		32800F002C214E3000FE5786 /* ChatInputView.swift in Sources */ = {isa = PBXBuildFile; fileRef = 32800EFF2C214E3000FE5786 /* ChatInputView.swift */; };
		32800F022C21850A00FE5786 /* UploadImageSelectorViewController.swift in Sources */ = {isa = PBXBuildFile; fileRef = 32800F012C21850A00FE5786 /* UploadImageSelectorViewController.swift */; };
		32800F072C22A45900FE5786 /* Kingfisher in Frameworks */ = {isa = PBXBuildFile; productRef = 32800F062C22A45900FE5786 /* Kingfisher */; };
		32800F092C22AC5F00FE5786 /* UIImageView+KF.swift in Sources */ = {isa = PBXBuildFile; fileRef = 32800F082C22AC5F00FE5786 /* UIImageView+KF.swift */; };
		32800F0B2C23D4C500FE5786 /* OpenAIProtocol+ ImageFileHandler.swift in Sources */ = {isa = PBXBuildFile; fileRef = 32800F0A2C23D4C500FE5786 /* OpenAIProtocol+ ImageFileHandler.swift */; };
		32800F0D2C2405EC00FE5786 /* UIImage+.swift in Sources */ = {isa = PBXBuildFile; fileRef = 32800F0C2C2405EC00FE5786 /* UIImage+.swift */; };
		32800F122C251E5400FE5786 /* AttributedStringParsable.swift in Sources */ = {isa = PBXBuildFile; fileRef = 32800F112C251E5400FE5786 /* AttributedStringParsable.swift */; };
		329B3F842C796DBE004D7570 /* EnglishQuestion.swift in Sources */ = {isa = PBXBuildFile; fileRef = 329B3F832C796DBE004D7570 /* EnglishQuestion.swift */; };
		329B3F862C7C2F2E004D7570 /* TimerManager.swift in Sources */ = {isa = PBXBuildFile; fileRef = 329B3F852C7C2F2E004D7570 /* TimerManager.swift */; };
		329B3F882C7C56C7004D7570 /* VocabularyWordQuestionGenerator.swift in Sources */ = {isa = PBXBuildFile; fileRef = 329B3F872C7C56C7004D7570 /* VocabularyWordQuestionGenerator.swift */; };
		329B3F8A2C7DD802004D7570 /* EnglishQuestionService.swift in Sources */ = {isa = PBXBuildFile; fileRef = 329B3F892C7DD802004D7570 /* EnglishQuestionService.swift */; };
		329B3F8C2C7F1377004D7570 /* ExamQuestionProtocol.swift in Sources */ = {isa = PBXBuildFile; fileRef = 329B3F8B2C7F1377004D7570 /* ExamQuestionProtocol.swift */; };
		32B4D70A2C742BA300CA4C40 /* SpeechTextDelegate.swift in Sources */ = {isa = PBXBuildFile; fileRef = 32B4D7092C742BA300CA4C40 /* SpeechTextDelegate.swift */; };
		32B4D70C2C7446B100CA4C40 /* FlipCardViewContoller.swift in Sources */ = {isa = PBXBuildFile; fileRef = 32B4D70B2C7446B100CA4C40 /* FlipCardViewContoller.swift */; };
		32B4D70F2C745F4500CA4C40 /* FlipCardViews.swift in Sources */ = {isa = PBXBuildFile; fileRef = 32B4D70E2C745F4500CA4C40 /* FlipCardViews.swift */; };
		32B4D7112C747DD000CA4C40 /* FlipCardViewModel.swift in Sources */ = {isa = PBXBuildFile; fileRef = 32B4D7102C747DD000CA4C40 /* FlipCardViewModel.swift */; };
		32B4D7192C77448700CA4C40 /* StarButton.swift in Sources */ = {isa = PBXBuildFile; fileRef = 32B4D7182C77448700CA4C40 /* StarButton.swift */; };
		32B4D71C2C7832E900CA4C40 /* EnglishExamViewController.swift in Sources */ = {isa = PBXBuildFile; fileRef = 32B4D71B2C7832E900CA4C40 /* EnglishExamViewController.swift */; };
		32B4D71E2C78332000CA4C40 /* EnglishExamViewModel.swift in Sources */ = {isa = PBXBuildFile; fileRef = 32B4D71D2C78332000CA4C40 /* EnglishExamViewModel.swift */; };
		32B4D7202C78337100CA4C40 /* EnglishExamViews.swift in Sources */ = {isa = PBXBuildFile; fileRef = 32B4D71F2C78337100CA4C40 /* EnglishExamViews.swift */; };
		32B7E6A22C607E200032ABFD /* UICollectionView+.swift in Sources */ = {isa = PBXBuildFile; fileRef = 32B7E6A12C607E200032ABFD /* UICollectionView+.swift */; };
		32B7E6A42C607F500032ABFD /* TextEditorViewModel.swift in Sources */ = {isa = PBXBuildFile; fileRef = 32B7E6A32C607F500032ABFD /* TextEditorViewModel.swift */; };
		32B7E6A62C60E4C10032ABFD /* ActionUIStatusModel.swift in Sources */ = {isa = PBXBuildFile; fileRef = 32B7E6A52C60E4C10032ABFD /* ActionUIStatusModel.swift */; };
		32B7E6A82C637C010032ABFD /* DataToAttributedString.swift in Sources */ = {isa = PBXBuildFile; fileRef = 32B7E6A72C637C010032ABFD /* DataToAttributedString.swift */; };
		32B7E6AB2C69C24F0032ABFD /* TOEICWord.json in Resources */ = {isa = PBXBuildFile; fileRef = 32B7E6AA2C69C24F0032ABFD /* TOEICWord.json */; };
		32B7E6AD2C69C2C10032ABFD /* TOEICWordDecoder.swift in Sources */ = {isa = PBXBuildFile; fileRef = 32B7E6AC2C69C2C10032ABFD /* TOEICWordDecoder.swift */; };
		32B7E6AF2C69C3650032ABFD /* WordModels.swift in Sources */ = {isa = PBXBuildFile; fileRef = 32B7E6AE2C69C3650032ABFD /* WordModels.swift */; };
		32B7E6B12C69CF040032ABFD /* MyVocabularyViewController.swift in Sources */ = {isa = PBXBuildFile; fileRef = 32B7E6B02C69CF040032ABFD /* MyVocabularyViewController.swift */; };
		32B7E6B32C69CF360032ABFD /* MyVocabularyViewModel.swift in Sources */ = {isa = PBXBuildFile; fileRef = 32B7E6B22C69CF360032ABFD /* MyVocabularyViewModel.swift */; };
		32B7E6B52C69DBD50032ABFD /* VocabularyModel.swift in Sources */ = {isa = PBXBuildFile; fileRef = 32B7E6B42C69DBD50032ABFD /* VocabularyModel.swift */; };
		32B7E6B72C69DD090032ABFD /* VocabularyManager.swift in Sources */ = {isa = PBXBuildFile; fileRef = 32B7E6B62C69DD090032ABFD /* VocabularyManager.swift */; };
		32B7E6B92C69E5610032ABFD /* MyVocabularyViews.swift in Sources */ = {isa = PBXBuildFile; fileRef = 32B7E6B82C69E5610032ABFD /* MyVocabularyViews.swift */; };
		32B7E6BC2C6B25E30032ABFD /* VocabularyViewController.swift in Sources */ = {isa = PBXBuildFile; fileRef = 32B7E6BB2C6B25E30032ABFD /* VocabularyViewController.swift */; };
		32B7E6BE2C6B27750032ABFD /* VocabularyViews.swift in Sources */ = {isa = PBXBuildFile; fileRef = 32B7E6BD2C6B27750032ABFD /* VocabularyViews.swift */; };
		32B7E6C02C6B277E0032ABFD /* VocabularyViewModel.swift in Sources */ = {isa = PBXBuildFile; fileRef = 32B7E6BF2C6B277E0032ABFD /* VocabularyViewModel.swift */; };
		32B7E6D72C6B31FE0032ABFD /* FSPageControl.swift in Sources */ = {isa = PBXBuildFile; fileRef = 32B7E6CD2C6B31FE0032ABFD /* FSPageControl.swift */; };
		32B7E6D82C6B31FE0032ABFD /* FSPagerCollectionView.swift in Sources */ = {isa = PBXBuildFile; fileRef = 32B7E6CE2C6B31FE0032ABFD /* FSPagerCollectionView.swift */; };
		32B7E6D92C6B31FE0032ABFD /* FSPagerView.swift in Sources */ = {isa = PBXBuildFile; fileRef = 32B7E6CF2C6B31FE0032ABFD /* FSPagerView.swift */; };
		32B7E6DA2C6B31FE0032ABFD /* FSPagerViewCell.swift in Sources */ = {isa = PBXBuildFile; fileRef = 32B7E6D02C6B31FE0032ABFD /* FSPagerViewCell.swift */; };
		32B7E6DB2C6B31FE0032ABFD /* FSPagerViewLayoutAttributes.swift in Sources */ = {isa = PBXBuildFile; fileRef = 32B7E6D12C6B31FE0032ABFD /* FSPagerViewLayoutAttributes.swift */; };
		32B7E6DC2C6B31FE0032ABFD /* FSPagerViewObjcCompat.m in Sources */ = {isa = PBXBuildFile; fileRef = 32B7E6D32C6B31FE0032ABFD /* FSPagerViewObjcCompat.m */; };
		32B7E6DD2C6B31FE0032ABFD /* FSPageViewLayout.swift in Sources */ = {isa = PBXBuildFile; fileRef = 32B7E6D42C6B31FE0032ABFD /* FSPageViewLayout.swift */; };
		32B7E6DE2C6B31FE0032ABFD /* FSPageViewTransformer.swift in Sources */ = {isa = PBXBuildFile; fileRef = 32B7E6D52C6B31FE0032ABFD /* FSPageViewTransformer.swift */; };
		32B7E6E02C6B54FF0032ABFD /* VocabularyService.swift in Sources */ = {isa = PBXBuildFile; fileRef = 32B7E6DF2C6B54FF0032ABFD /* VocabularyService.swift */; };
		32B7E6E42C6DC1150032ABFD /* DataCacheProtocol.swift in Sources */ = {isa = PBXBuildFile; fileRef = 32B7E6E32C6DC1150032ABFD /* DataCacheProtocol.swift */; };
		32C495622C7F2F8B00AB1360 /* SystemDefine+EnglishExam.swift in Sources */ = {isa = PBXBuildFile; fileRef = 32C495612C7F2F8B00AB1360 /* SystemDefine+EnglishExam.swift */; };
		32C495652C8019A700AB1360 /* GrammarPointSelectorAlert.swift in Sources */ = {isa = PBXBuildFile; fileRef = 32C495642C8019A700AB1360 /* GrammarPointSelectorAlert.swift */; };
		32C495682C80594200AB1360 /* RadioButtonGroupView.swift in Sources */ = {isa = PBXBuildFile; fileRef = 32C495672C80594200AB1360 /* RadioButtonGroupView.swift */; };
		32C4956A2C8AF61000AB1360 /* AppColors.swift in Sources */ = {isa = PBXBuildFile; fileRef = 32C495692C8AF61000AB1360 /* AppColors.swift */; };
		32C4956C2C8B0C2E00AB1360 /* SpeakButton.swift in Sources */ = {isa = PBXBuildFile; fileRef = 32C4956B2C8B0C2E00AB1360 /* SpeakButton.swift */; };
		32C77FC72C18504E00F335FE /* AppDelegate.swift in Sources */ = {isa = PBXBuildFile; fileRef = 32C77FC62C18504E00F335FE /* AppDelegate.swift */; };
		32C77FC92C18504E00F335FE /* SceneDelegate.swift in Sources */ = {isa = PBXBuildFile; fileRef = 32C77FC82C18504E00F335FE /* SceneDelegate.swift */; };
		32C77FD02C18504F00F335FE /* Assets.xcassets in Resources */ = {isa = PBXBuildFile; fileRef = 32C77FCF2C18504F00F335FE /* Assets.xcassets */; };
		32C77FDE2C18504F00F335FE /* ChatBotTests.swift in Sources */ = {isa = PBXBuildFile; fileRef = 32C77FDD2C18504F00F335FE /* ChatBotTests.swift */; };
		32C77FE82C18504F00F335FE /* ChatBotUITests.swift in Sources */ = {isa = PBXBuildFile; fileRef = 32C77FE72C18504F00F335FE /* ChatBotUITests.swift */; };
		32C77FEA2C18504F00F335FE /* ChatBotUITestsLaunchTests.swift in Sources */ = {isa = PBXBuildFile; fileRef = 32C77FE92C18504F00F335FE /* ChatBotUITestsLaunchTests.swift */; };
		32C77FF72C18509A00F335FE /* ChatViewController.swift in Sources */ = {isa = PBXBuildFile; fileRef = 32C77FF62C18509A00F335FE /* ChatViewController.swift */; };
		32D54DA62C787D9C000A9E97 /* ExamQuestionSelectorViewController.swift in Sources */ = {isa = PBXBuildFile; fileRef = 32D54DA52C787D9C000A9E97 /* ExamQuestionSelectorViewController.swift */; };
		32E2642F2C1AA9D10083EC63 /* PaddingLabel.swift in Sources */ = {isa = PBXBuildFile; fileRef = 32E2642E2C1AA9D10083EC63 /* PaddingLabel.swift */; };
		32E264322C1BDA8D0083EC63 /* OpenAIService.swift in Sources */ = {isa = PBXBuildFile; fileRef = 32E264312C1BDA8D0083EC63 /* OpenAIService.swift */; };
		32E264342C1BE75C0083EC63 /* Extensions.swift in Sources */ = {isa = PBXBuildFile; fileRef = 32E264332C1BE75C0083EC63 /* Extensions.swift */; };
		94215CAB2C73851000F4DDF1 /* CacheManager.swift in Sources */ = {isa = PBXBuildFile; fileRef = 94215CAA2C73851000F4DDF1 /* CacheManager.swift */; };
		942395EB2C56A95000E65150 /* ImageManager.swift in Sources */ = {isa = PBXBuildFile; fileRef = 942395EA2C56A95000E65150 /* ImageManager.swift */; };
		943CFF912C5CBE7E00B96812 /* TextEditorViews.swift in Sources */ = {isa = PBXBuildFile; fileRef = 943CFF902C5CBE7E00B96812 /* TextEditorViews.swift */; };
		943CFF932C5CE44B00B96812 /* CollectionViewLeftAlignedLayout.swift in Sources */ = {isa = PBXBuildFile; fileRef = 943CFF922C5CE44B00B96812 /* CollectionViewLeftAlignedLayout.swift */; };
		9455D8052C4918F6007AC9C2 /* MyNoteViews.swift in Sources */ = {isa = PBXBuildFile; fileRef = 9455D8042C4918F6007AC9C2 /* MyNoteViews.swift */; };
		9455D8072C491966007AC9C2 /* MyNoteViewModel.swift in Sources */ = {isa = PBXBuildFile; fileRef = 9455D8062C491966007AC9C2 /* MyNoteViewModel.swift */; };
		9455D80C2C4A3FCB007AC9C2 /* index.html in Resources */ = {isa = PBXBuildFile; fileRef = 9455D8092C4A3FCB007AC9C2 /* index.html */; };
		9455D80D2C4A3FCB007AC9C2 /* script.js in Resources */ = {isa = PBXBuildFile; fileRef = 9455D80A2C4A3FCB007AC9C2 /* script.js */; };
		9455D80E2C4A3FCB007AC9C2 /* style.css in Resources */ = {isa = PBXBuildFile; fileRef = 9455D80B2C4A3FCB007AC9C2 /* style.css */; };
		9455D8102C4A3FE6007AC9C2 /* HtmlEditorViewController.swift in Sources */ = {isa = PBXBuildFile; fileRef = 9455D80F2C4A3FE6007AC9C2 /* HtmlEditorViewController.swift */; };
		946F7A382C464EC4007DC7A8 /* NoteModel.swift in Sources */ = {isa = PBXBuildFile; fileRef = 946F7A372C464EC4007DC7A8 /* NoteModel.swift */; };
		946F7A3A2C466F38007DC7A8 /* NoteManager.swift in Sources */ = {isa = PBXBuildFile; fileRef = 946F7A392C466F38007DC7A8 /* NoteManager.swift */; };
		946F7A3C2C466FAA007DC7A8 /* ChatRoomManager.swift in Sources */ = {isa = PBXBuildFile; fileRef = 946F7A3B2C466FAA007DC7A8 /* ChatRoomManager.swift */; };
		94A6CFC22C39E13100B1E4E3 /* BaseViewModel.swift in Sources */ = {isa = PBXBuildFile; fileRef = 94A6CFC12C39E13100B1E4E3 /* BaseViewModel.swift */; };
		94A6CFC42C39EBD500B1E4E3 /* HistoryViewModel.swift in Sources */ = {isa = PBXBuildFile; fileRef = 94A6CFC32C39EBD500B1E4E3 /* HistoryViewModel.swift */; };
/* End PBXBuildFile section */

/* Begin PBXContainerItemProxy section */
		32B7E6CA2C6B2F500032ABFD /* PBXContainerItemProxy */ = {
			isa = PBXContainerItemProxy;
			containerPortal = 32B7E6C52C6B2F500032ABFD /* FSPagerView.xcodeproj */;
			proxyType = 2;
			remoteGlobalIDString = F9580B761E5D9F0600C5B267;
			remoteInfo = FSPagerView;
		};
		32C77FDA2C18504F00F335FE /* PBXContainerItemProxy */ = {
			isa = PBXContainerItemProxy;
			containerPortal = 32C77FBB2C18504E00F335FE /* Project object */;
			proxyType = 1;
			remoteGlobalIDString = 32C77FC22C18504E00F335FE;
			remoteInfo = ChatBot;
		};
		32C77FE42C18504F00F335FE /* PBXContainerItemProxy */ = {
			isa = PBXContainerItemProxy;
			containerPortal = 32C77FBB2C18504E00F335FE /* Project object */;
			proxyType = 1;
			remoteGlobalIDString = 32C77FC22C18504E00F335FE;
			remoteInfo = ChatBot;
		};
/* End PBXContainerItemProxy section */

/* Begin PBXFileReference section */
		320421962C1933EC00D72203 /* SystemDefine.swift */ = {isa = PBXFileReference; lastKnownFileType = sourcecode.swift; path = SystemDefine.swift; sourceTree = "<group>"; };
		320421982C19343E00D72203 /* ChatViewModel.swift */ = {isa = PBXFileReference; lastKnownFileType = sourcecode.swift; path = ChatViewModel.swift; sourceTree = "<group>"; };
		3204219A2C193B4100D72203 /* ChatViews.swift */ = {isa = PBXFileReference; lastKnownFileType = sourcecode.swift; path = ChatViews.swift; sourceTree = "<group>"; };
		322A2CFE2C194A65007A8075 /* NSObject+.swift */ = {isa = PBXFileReference; lastKnownFileType = sourcecode.swift; path = "NSObject+.swift"; sourceTree = "<group>"; };
		322A2D002C194C88007A8075 /* UITableView+.swift */ = {isa = PBXFileReference; lastKnownFileType = sourcecode.swift; path = "UITableView+.swift"; sourceTree = "<group>"; };
		322A2D032C1974DC007A8075 /* OpenAIProtocol.swift */ = {isa = PBXFileReference; lastKnownFileType = sourcecode.swift; path = OpenAIProtocol.swift; sourceTree = "<group>"; };
		322A2D052C198BA8007A8075 /* MessageModel.swift */ = {isa = PBXFileReference; lastKnownFileType = sourcecode.swift; path = MessageModel.swift; sourceTree = "<group>"; };
		323E88A72C353D2200401F50 /* MainTabBarController.swift */ = {isa = PBXFileReference; lastKnownFileType = sourcecode.swift; path = MainTabBarController.swift; sourceTree = "<group>"; };
		323E88AB2C353DE800401F50 /* HistoryViewController.swift */ = {isa = PBXFileReference; lastKnownFileType = sourcecode.swift; path = HistoryViewController.swift; sourceTree = "<group>"; };
		323E88AD2C353DFA00401F50 /* HomeViewController.swift */ = {isa = PBXFileReference; lastKnownFileType = sourcecode.swift; path = HomeViewController.swift; sourceTree = "<group>"; };
		323E88AF2C353FE000401F50 /* ScreenLoader.swift */ = {isa = PBXFileReference; lastKnownFileType = sourcecode.swift; path = ScreenLoader.swift; sourceTree = "<group>"; };
		323E88B12C354BA200401F50 /* HomeViews.swift */ = {isa = PBXFileReference; lastKnownFileType = sourcecode.swift; path = HomeViews.swift; sourceTree = "<group>"; };
		323E88B32C3B761800401F50 /* HistoryViews.swift */ = {isa = PBXFileReference; lastKnownFileType = sourcecode.swift; path = HistoryViews.swift; sourceTree = "<group>"; };
		3241BE402C3F7A720047BB71 /* SettingViews.swift */ = {isa = PBXFileReference; lastKnownFileType = sourcecode.swift; path = SettingViews.swift; sourceTree = "<group>"; };
		3241BE432C3F81D80047BB71 /* UserDefault+.swift */ = {isa = PBXFileReference; lastKnownFileType = sourcecode.swift; path = "UserDefault+.swift"; sourceTree = "<group>"; };
		3241BE452C3F82410047BB71 /* DefaultKeys.swift */ = {isa = PBXFileReference; lastKnownFileType = sourcecode.swift; path = DefaultKeys.swift; sourceTree = "<group>"; };
		3241BE472C3F841E0047BB71 /* AccountManager.swift */ = {isa = PBXFileReference; lastKnownFileType = sourcecode.swift; path = AccountManager.swift; sourceTree = "<group>"; };
		3241BE4A2C44B01A0047BB71 /* ChatModel.swift */ = {isa = PBXFileReference; lastKnownFileType = sourcecode.swift; path = ChatModel.swift; sourceTree = "<group>"; };
		3241BE4F2C44B3FC0047BB71 /* DatabaseManager.swift */ = {isa = PBXFileReference; lastKnownFileType = sourcecode.swift; path = DatabaseManager.swift; sourceTree = "<group>"; };
		3241BE522C4DEAAA0047BB71 /* NoteViewController.swift */ = {isa = PBXFileReference; lastKnownFileType = sourcecode.swift; path = NoteViewController.swift; sourceTree = "<group>"; };
		3241BE542C4DF0C70047BB71 /* NoteViewModel.swift */ = {isa = PBXFileReference; lastKnownFileType = sourcecode.swift; path = NoteViewModel.swift; sourceTree = "<group>"; };
		3241BE562C4DF1AA0047BB71 /* NoteViews.swift */ = {isa = PBXFileReference; lastKnownFileType = sourcecode.swift; path = NoteViews.swift; sourceTree = "<group>"; };
		32690FC32C3CCF4B00700192 /* RemoteImageAttachment.swift */ = {isa = PBXFileReference; lastKnownFileType = sourcecode.swift; path = RemoteImageAttachment.swift; sourceTree = "<group>"; };
		32690FC52C3CE62A00700192 /* ImageFileHandler.swift */ = {isa = PBXFileReference; lastKnownFileType = sourcecode.swift; path = ImageFileHandler.swift; sourceTree = "<group>"; };
		32690FCA2C3D2F0600700192 /* SettingViewController.swift */ = {isa = PBXFileReference; lastKnownFileType = sourcecode.swift; path = SettingViewController.swift; sourceTree = "<group>"; };
		32690FCC2C3D2F2400700192 /* MyNoteViewController.swift */ = {isa = PBXFileReference; lastKnownFileType = sourcecode.swift; path = MyNoteViewController.swift; sourceTree = "<group>"; };
		32690FCE2C3E2D2500700192 /* Test.xib */ = {isa = PBXFileReference; lastKnownFileType = file.xib; path = Test.xib; sourceTree = "<group>"; };
		32690FD02C3E679200700192 /* SpeechVoiceManager.swift */ = {isa = PBXFileReference; lastKnownFileType = sourcecode.swift; path = SpeechVoiceManager.swift; sourceTree = "<group>"; };
		32690FD32C3E766300700192 /* VoicePickerViewController.swift */ = {isa = PBXFileReference; lastKnownFileType = sourcecode.swift; path = VoicePickerViewController.swift; sourceTree = "<group>"; };
		326F728A2C29554B00B06DF8 /* UITextView+.swift */ = {isa = PBXFileReference; lastKnownFileType = sourcecode.swift; path = "UITextView+.swift"; sourceTree = "<group>"; };
		326F728F2C2E4C4F00B06DF8 /* Array+.swift */ = {isa = PBXFileReference; lastKnownFileType = sourcecode.swift; path = "Array+.swift"; sourceTree = "<group>"; };
		326F72912C2E910C00B06DF8 /* NSAttributedString+.swift */ = {isa = PBXFileReference; lastKnownFileType = sourcecode.swift; path = "NSAttributedString+.swift"; sourceTree = "<group>"; };
		327D28642C57314B00F6ED68 /* SharedGroupStorage.swift */ = {isa = PBXFileReference; lastKnownFileType = sourcecode.swift; path = SharedGroupStorage.swift; sourceTree = "<group>"; };
		327D286C2C59E39200F6ED68 /* TextEditorViewController.swift */ = {isa = PBXFileReference; lastKnownFileType = sourcecode.swift; path = TextEditorViewController.swift; sourceTree = "<group>"; };
		327D286E2C5A10DC00F6ED68 /* NoActionTextView.swift */ = {isa = PBXFileReference; lastKnownFileType = sourcecode.swift; path = NoActionTextView.swift; sourceTree = "<group>"; };
		32800EE92C1C229500FE5786 /* LoginViewController.swift */ = {isa = PBXFileReference; lastKnownFileType = sourcecode.swift; path = LoginViewController.swift; sourceTree = "<group>"; };
		32800EEC2C1C233D00FE5786 /* LogingViews.swift */ = {isa = PBXFileReference; lastKnownFileType = sourcecode.swift; path = LogingViews.swift; sourceTree = "<group>"; };
		32800EEE2C1C239300FE5786 /* ControllerView.swift */ = {isa = PBXFileReference; lastKnownFileType = sourcecode.swift; path = ControllerView.swift; sourceTree = "<group>"; };
		32800EF02C1FE74600FE5786 /* UserValidation.swift */ = {isa = PBXFileReference; lastKnownFileType = sourcecode.swift; path = UserValidation.swift; sourceTree = "<group>"; };
		32800EF22C20105800FE5786 /* LoginViewModel.swift */ = {isa = PBXFileReference; lastKnownFileType = sourcecode.swift; path = LoginViewModel.swift; sourceTree = "<group>"; };
		32800EF42C20220500FE5786 /* BaseUIViewController.swift */ = {isa = PBXFileReference; lastKnownFileType = sourcecode.swift; path = BaseUIViewController.swift; sourceTree = "<group>"; };
		32800EF62C2023B400FE5786 /* LoadingView.swift */ = {isa = PBXFileReference; lastKnownFileType = sourcecode.swift; path = LoadingView.swift; sourceTree = "<group>"; };
		32800EF82C202F8800FE5786 /* UIView+.swift */ = {isa = PBXFileReference; lastKnownFileType = sourcecode.swift; path = "UIView+.swift"; sourceTree = "<group>"; };
		32800EFB2C211B8D00FE5786 /* LaunchViewController.swift */ = {isa = PBXFileReference; lastKnownFileType = sourcecode.swift; path = LaunchViewController.swift; sourceTree = "<group>"; };
		32800EFD2C21316D00FE5786 /* LaunchScreen.storyboard */ = {isa = PBXFileReference; fileEncoding = 4; lastKnownFileType = file.storyboard; path = LaunchScreen.storyboard; sourceTree = "<group>"; };
		32800EFF2C214E3000FE5786 /* ChatInputView.swift */ = {isa = PBXFileReference; lastKnownFileType = sourcecode.swift; path = ChatInputView.swift; sourceTree = "<group>"; };
		32800F012C21850A00FE5786 /* UploadImageSelectorViewController.swift */ = {isa = PBXFileReference; lastKnownFileType = sourcecode.swift; path = UploadImageSelectorViewController.swift; sourceTree = "<group>"; };
		32800F082C22AC5F00FE5786 /* UIImageView+KF.swift */ = {isa = PBXFileReference; lastKnownFileType = sourcecode.swift; path = "UIImageView+KF.swift"; sourceTree = "<group>"; };
		32800F0A2C23D4C500FE5786 /* OpenAIProtocol+ ImageFileHandler.swift */ = {isa = PBXFileReference; lastKnownFileType = sourcecode.swift; path = "OpenAIProtocol+ ImageFileHandler.swift"; sourceTree = "<group>"; };
		32800F0C2C2405EC00FE5786 /* UIImage+.swift */ = {isa = PBXFileReference; lastKnownFileType = sourcecode.swift; path = "UIImage+.swift"; sourceTree = "<group>"; };
		32800F112C251E5400FE5786 /* AttributedStringParsable.swift */ = {isa = PBXFileReference; lastKnownFileType = sourcecode.swift; path = AttributedStringParsable.swift; sourceTree = "<group>"; };
		329B3F832C796DBE004D7570 /* EnglishQuestion.swift */ = {isa = PBXFileReference; lastKnownFileType = sourcecode.swift; path = EnglishQuestion.swift; sourceTree = "<group>"; };
		329B3F852C7C2F2E004D7570 /* TimerManager.swift */ = {isa = PBXFileReference; lastKnownFileType = sourcecode.swift; path = TimerManager.swift; sourceTree = "<group>"; };
		329B3F872C7C56C7004D7570 /* VocabularyWordQuestionGenerator.swift */ = {isa = PBXFileReference; lastKnownFileType = sourcecode.swift; path = VocabularyWordQuestionGenerator.swift; sourceTree = "<group>"; };
		329B3F892C7DD802004D7570 /* EnglishQuestionService.swift */ = {isa = PBXFileReference; lastKnownFileType = sourcecode.swift; path = EnglishQuestionService.swift; sourceTree = "<group>"; };
		329B3F8B2C7F1377004D7570 /* ExamQuestionProtocol.swift */ = {isa = PBXFileReference; lastKnownFileType = sourcecode.swift; path = ExamQuestionProtocol.swift; sourceTree = "<group>"; };
		32B4D7092C742BA300CA4C40 /* SpeechTextDelegate.swift */ = {isa = PBXFileReference; lastKnownFileType = sourcecode.swift; path = SpeechTextDelegate.swift; sourceTree = "<group>"; };
		32B4D70B2C7446B100CA4C40 /* FlipCardViewContoller.swift */ = {isa = PBXFileReference; lastKnownFileType = sourcecode.swift; path = FlipCardViewContoller.swift; sourceTree = "<group>"; };
		32B4D70E2C745F4500CA4C40 /* FlipCardViews.swift */ = {isa = PBXFileReference; lastKnownFileType = sourcecode.swift; path = FlipCardViews.swift; sourceTree = "<group>"; };
		32B4D7102C747DD000CA4C40 /* FlipCardViewModel.swift */ = {isa = PBXFileReference; lastKnownFileType = sourcecode.swift; path = FlipCardViewModel.swift; sourceTree = "<group>"; };
		32B4D7182C77448700CA4C40 /* StarButton.swift */ = {isa = PBXFileReference; lastKnownFileType = sourcecode.swift; path = StarButton.swift; sourceTree = "<group>"; };
		32B4D71B2C7832E900CA4C40 /* EnglishExamViewController.swift */ = {isa = PBXFileReference; lastKnownFileType = sourcecode.swift; path = EnglishExamViewController.swift; sourceTree = "<group>"; };
		32B4D71D2C78332000CA4C40 /* EnglishExamViewModel.swift */ = {isa = PBXFileReference; lastKnownFileType = sourcecode.swift; path = EnglishExamViewModel.swift; sourceTree = "<group>"; };
		32B4D71F2C78337100CA4C40 /* EnglishExamViews.swift */ = {isa = PBXFileReference; lastKnownFileType = sourcecode.swift; path = EnglishExamViews.swift; sourceTree = "<group>"; };
		32B7E6A12C607E200032ABFD /* UICollectionView+.swift */ = {isa = PBXFileReference; lastKnownFileType = sourcecode.swift; path = "UICollectionView+.swift"; sourceTree = "<group>"; };
		32B7E6A32C607F500032ABFD /* TextEditorViewModel.swift */ = {isa = PBXFileReference; lastKnownFileType = sourcecode.swift; path = TextEditorViewModel.swift; sourceTree = "<group>"; };
		32B7E6A52C60E4C10032ABFD /* ActionUIStatusModel.swift */ = {isa = PBXFileReference; lastKnownFileType = sourcecode.swift; path = ActionUIStatusModel.swift; sourceTree = "<group>"; };
		32B7E6A72C637C010032ABFD /* DataToAttributedString.swift */ = {isa = PBXFileReference; lastKnownFileType = sourcecode.swift; path = DataToAttributedString.swift; sourceTree = "<group>"; };
		32B7E6AA2C69C24F0032ABFD /* TOEICWord.json */ = {isa = PBXFileReference; fileEncoding = 4; lastKnownFileType = text.json; path = TOEICWord.json; sourceTree = "<group>"; };
		32B7E6AC2C69C2C10032ABFD /* TOEICWordDecoder.swift */ = {isa = PBXFileReference; lastKnownFileType = sourcecode.swift; path = TOEICWordDecoder.swift; sourceTree = "<group>"; };
		32B7E6AE2C69C3650032ABFD /* WordModels.swift */ = {isa = PBXFileReference; lastKnownFileType = sourcecode.swift; path = WordModels.swift; sourceTree = "<group>"; };
		32B7E6B02C69CF040032ABFD /* MyVocabularyViewController.swift */ = {isa = PBXFileReference; lastKnownFileType = sourcecode.swift; path = MyVocabularyViewController.swift; sourceTree = "<group>"; };
		32B7E6B22C69CF360032ABFD /* MyVocabularyViewModel.swift */ = {isa = PBXFileReference; lastKnownFileType = sourcecode.swift; path = MyVocabularyViewModel.swift; sourceTree = "<group>"; };
		32B7E6B42C69DBD50032ABFD /* VocabularyModel.swift */ = {isa = PBXFileReference; lastKnownFileType = sourcecode.swift; path = VocabularyModel.swift; sourceTree = "<group>"; };
		32B7E6B62C69DD090032ABFD /* VocabularyManager.swift */ = {isa = PBXFileReference; lastKnownFileType = sourcecode.swift; path = VocabularyManager.swift; sourceTree = "<group>"; };
		32B7E6B82C69E5610032ABFD /* MyVocabularyViews.swift */ = {isa = PBXFileReference; lastKnownFileType = sourcecode.swift; path = MyVocabularyViews.swift; sourceTree = "<group>"; };
		32B7E6BB2C6B25E30032ABFD /* VocabularyViewController.swift */ = {isa = PBXFileReference; lastKnownFileType = sourcecode.swift; path = VocabularyViewController.swift; sourceTree = "<group>"; };
		32B7E6BD2C6B27750032ABFD /* VocabularyViews.swift */ = {isa = PBXFileReference; lastKnownFileType = sourcecode.swift; path = VocabularyViews.swift; sourceTree = "<group>"; };
		32B7E6BF2C6B277E0032ABFD /* VocabularyViewModel.swift */ = {isa = PBXFileReference; lastKnownFileType = sourcecode.swift; path = VocabularyViewModel.swift; sourceTree = "<group>"; };
		32B7E6C52C6B2F500032ABFD /* FSPagerView.xcodeproj */ = {isa = PBXFileReference; lastKnownFileType = "wrapper.pb-project"; path = FSPagerView.xcodeproj; sourceTree = "<group>"; };
		32B7E6CD2C6B31FE0032ABFD /* FSPageControl.swift */ = {isa = PBXFileReference; fileEncoding = 4; lastKnownFileType = sourcecode.swift; path = FSPageControl.swift; sourceTree = "<group>"; };
		32B7E6CE2C6B31FE0032ABFD /* FSPagerCollectionView.swift */ = {isa = PBXFileReference; fileEncoding = 4; lastKnownFileType = sourcecode.swift; path = FSPagerCollectionView.swift; sourceTree = "<group>"; };
		32B7E6CF2C6B31FE0032ABFD /* FSPagerView.swift */ = {isa = PBXFileReference; fileEncoding = 4; lastKnownFileType = sourcecode.swift; path = FSPagerView.swift; sourceTree = "<group>"; };
		32B7E6D02C6B31FE0032ABFD /* FSPagerViewCell.swift */ = {isa = PBXFileReference; fileEncoding = 4; lastKnownFileType = sourcecode.swift; path = FSPagerViewCell.swift; sourceTree = "<group>"; };
		32B7E6D12C6B31FE0032ABFD /* FSPagerViewLayoutAttributes.swift */ = {isa = PBXFileReference; fileEncoding = 4; lastKnownFileType = sourcecode.swift; path = FSPagerViewLayoutAttributes.swift; sourceTree = "<group>"; };
		32B7E6D22C6B31FE0032ABFD /* FSPagerViewObjcCompat.h */ = {isa = PBXFileReference; fileEncoding = 4; lastKnownFileType = sourcecode.c.h; path = FSPagerViewObjcCompat.h; sourceTree = "<group>"; };
		32B7E6D32C6B31FE0032ABFD /* FSPagerViewObjcCompat.m */ = {isa = PBXFileReference; fileEncoding = 4; lastKnownFileType = sourcecode.c.objc; path = FSPagerViewObjcCompat.m; sourceTree = "<group>"; };
		32B7E6D42C6B31FE0032ABFD /* FSPageViewLayout.swift */ = {isa = PBXFileReference; fileEncoding = 4; lastKnownFileType = sourcecode.swift; path = FSPageViewLayout.swift; sourceTree = "<group>"; };
		32B7E6D52C6B31FE0032ABFD /* FSPageViewTransformer.swift */ = {isa = PBXFileReference; fileEncoding = 4; lastKnownFileType = sourcecode.swift; path = FSPageViewTransformer.swift; sourceTree = "<group>"; };
		32B7E6DF2C6B54FF0032ABFD /* VocabularyService.swift */ = {isa = PBXFileReference; lastKnownFileType = sourcecode.swift; path = VocabularyService.swift; sourceTree = "<group>"; };
		32B7E6E32C6DC1150032ABFD /* DataCacheProtocol.swift */ = {isa = PBXFileReference; lastKnownFileType = sourcecode.swift; path = DataCacheProtocol.swift; sourceTree = "<group>"; };
		32C495612C7F2F8B00AB1360 /* SystemDefine+EnglishExam.swift */ = {isa = PBXFileReference; lastKnownFileType = sourcecode.swift; path = "SystemDefine+EnglishExam.swift"; sourceTree = "<group>"; };
		32C495642C8019A700AB1360 /* GrammarPointSelectorAlert.swift */ = {isa = PBXFileReference; lastKnownFileType = sourcecode.swift; path = GrammarPointSelectorAlert.swift; sourceTree = "<group>"; };
		32C495672C80594200AB1360 /* RadioButtonGroupView.swift */ = {isa = PBXFileReference; lastKnownFileType = sourcecode.swift; path = RadioButtonGroupView.swift; sourceTree = "<group>"; };
		32C495692C8AF61000AB1360 /* AppColors.swift */ = {isa = PBXFileReference; lastKnownFileType = sourcecode.swift; path = AppColors.swift; sourceTree = "<group>"; };
		32C4956B2C8B0C2E00AB1360 /* SpeakButton.swift */ = {isa = PBXFileReference; lastKnownFileType = sourcecode.swift; path = SpeakButton.swift; sourceTree = "<group>"; };
		32C77FC32C18504E00F335FE /* ChatBot.app */ = {isa = PBXFileReference; explicitFileType = wrapper.application; includeInIndex = 0; path = ChatBot.app; sourceTree = BUILT_PRODUCTS_DIR; };
		32C77FC62C18504E00F335FE /* AppDelegate.swift */ = {isa = PBXFileReference; lastKnownFileType = sourcecode.swift; path = AppDelegate.swift; sourceTree = "<group>"; };
		32C77FC82C18504E00F335FE /* SceneDelegate.swift */ = {isa = PBXFileReference; lastKnownFileType = sourcecode.swift; path = SceneDelegate.swift; sourceTree = "<group>"; };
		32C77FCF2C18504F00F335FE /* Assets.xcassets */ = {isa = PBXFileReference; lastKnownFileType = folder.assetcatalog; path = Assets.xcassets; sourceTree = "<group>"; };
		32C77FD42C18504F00F335FE /* Info.plist */ = {isa = PBXFileReference; lastKnownFileType = text.plist.xml; path = Info.plist; sourceTree = "<group>"; };
		32C77FD92C18504F00F335FE /* ChatBotTests.xctest */ = {isa = PBXFileReference; explicitFileType = wrapper.cfbundle; includeInIndex = 0; path = ChatBotTests.xctest; sourceTree = BUILT_PRODUCTS_DIR; };
		32C77FDD2C18504F00F335FE /* ChatBotTests.swift */ = {isa = PBXFileReference; lastKnownFileType = sourcecode.swift; path = ChatBotTests.swift; sourceTree = "<group>"; };
		32C77FE32C18504F00F335FE /* ChatBotUITests.xctest */ = {isa = PBXFileReference; explicitFileType = wrapper.cfbundle; includeInIndex = 0; path = ChatBotUITests.xctest; sourceTree = BUILT_PRODUCTS_DIR; };
		32C77FE72C18504F00F335FE /* ChatBotUITests.swift */ = {isa = PBXFileReference; lastKnownFileType = sourcecode.swift; path = ChatBotUITests.swift; sourceTree = "<group>"; };
		32C77FE92C18504F00F335FE /* ChatBotUITestsLaunchTests.swift */ = {isa = PBXFileReference; lastKnownFileType = sourcecode.swift; path = ChatBotUITestsLaunchTests.swift; sourceTree = "<group>"; };
		32C77FF62C18509A00F335FE /* ChatViewController.swift */ = {isa = PBXFileReference; lastKnownFileType = sourcecode.swift; path = ChatViewController.swift; sourceTree = "<group>"; };
		32D54DA52C787D9C000A9E97 /* ExamQuestionSelectorViewController.swift */ = {isa = PBXFileReference; lastKnownFileType = sourcecode.swift; path = ExamQuestionSelectorViewController.swift; sourceTree = "<group>"; };
		32E2642E2C1AA9D10083EC63 /* PaddingLabel.swift */ = {isa = PBXFileReference; lastKnownFileType = sourcecode.swift; path = PaddingLabel.swift; sourceTree = "<group>"; };
		32E264312C1BDA8D0083EC63 /* OpenAIService.swift */ = {isa = PBXFileReference; lastKnownFileType = sourcecode.swift; path = OpenAIService.swift; sourceTree = "<group>"; };
		32E264332C1BE75C0083EC63 /* Extensions.swift */ = {isa = PBXFileReference; lastKnownFileType = sourcecode.swift; path = Extensions.swift; sourceTree = "<group>"; };
		94215CAA2C73851000F4DDF1 /* CacheManager.swift */ = {isa = PBXFileReference; lastKnownFileType = sourcecode.swift; path = CacheManager.swift; sourceTree = "<group>"; };
		942395EA2C56A95000E65150 /* ImageManager.swift */ = {isa = PBXFileReference; lastKnownFileType = sourcecode.swift; path = ImageManager.swift; sourceTree = "<group>"; };
		943CFF902C5CBE7E00B96812 /* TextEditorViews.swift */ = {isa = PBXFileReference; lastKnownFileType = sourcecode.swift; path = TextEditorViews.swift; sourceTree = "<group>"; };
		943CFF922C5CE44B00B96812 /* CollectionViewLeftAlignedLayout.swift */ = {isa = PBXFileReference; lastKnownFileType = sourcecode.swift; path = CollectionViewLeftAlignedLayout.swift; sourceTree = "<group>"; };
		9455D8042C4918F6007AC9C2 /* MyNoteViews.swift */ = {isa = PBXFileReference; lastKnownFileType = sourcecode.swift; path = MyNoteViews.swift; sourceTree = "<group>"; };
		9455D8062C491966007AC9C2 /* MyNoteViewModel.swift */ = {isa = PBXFileReference; lastKnownFileType = sourcecode.swift; path = MyNoteViewModel.swift; sourceTree = "<group>"; };
		9455D8092C4A3FCB007AC9C2 /* index.html */ = {isa = PBXFileReference; fileEncoding = 4; lastKnownFileType = text.html; path = index.html; sourceTree = "<group>"; };
		9455D80A2C4A3FCB007AC9C2 /* script.js */ = {isa = PBXFileReference; fileEncoding = 4; lastKnownFileType = sourcecode.javascript; path = script.js; sourceTree = "<group>"; };
		9455D80B2C4A3FCB007AC9C2 /* style.css */ = {isa = PBXFileReference; fileEncoding = 4; lastKnownFileType = text.css; path = style.css; sourceTree = "<group>"; };
		9455D80F2C4A3FE6007AC9C2 /* HtmlEditorViewController.swift */ = {isa = PBXFileReference; lastKnownFileType = sourcecode.swift; path = HtmlEditorViewController.swift; sourceTree = "<group>"; };
		946F7A372C464EC4007DC7A8 /* NoteModel.swift */ = {isa = PBXFileReference; lastKnownFileType = sourcecode.swift; path = NoteModel.swift; sourceTree = "<group>"; };
		946F7A392C466F38007DC7A8 /* NoteManager.swift */ = {isa = PBXFileReference; lastKnownFileType = sourcecode.swift; path = NoteManager.swift; sourceTree = "<group>"; };
		946F7A3B2C466FAA007DC7A8 /* ChatRoomManager.swift */ = {isa = PBXFileReference; lastKnownFileType = sourcecode.swift; path = ChatRoomManager.swift; sourceTree = "<group>"; };
		94A6CFC12C39E13100B1E4E3 /* BaseViewModel.swift */ = {isa = PBXFileReference; lastKnownFileType = sourcecode.swift; path = BaseViewModel.swift; sourceTree = "<group>"; };
		94A6CFC32C39EBD500B1E4E3 /* HistoryViewModel.swift */ = {isa = PBXFileReference; lastKnownFileType = sourcecode.swift; path = HistoryViewModel.swift; sourceTree = "<group>"; };
/* End PBXFileReference section */

/* Begin PBXFrameworksBuildPhase section */
		32C77FC02C18504E00F335FE /* Frameworks */ = {
			isa = PBXFrameworksBuildPhase;
			buildActionMask = 2147483647;
			files = (
				32800F072C22A45900FE5786 /* Kingfisher in Frameworks */,
				327D28682C5739C300F6ED68 /* ZMarkupParser in Frameworks */,
				323E88A62C35251000401F50 /* NVActivityIndicatorView in Frameworks */,
				320421952C19331500D72203 /* OpenAI in Frameworks */,
				3241BE4E2C44B1B90047BB71 /* GRDB in Frameworks */,
				326F728E2C2A5CDE00B06DF8 /* SDWebImage in Frameworks */,
				3204219E2C19405500D72203 /* SnapKit in Frameworks */,
			);
			runOnlyForDeploymentPostprocessing = 0;
		};
		32C77FD62C18504F00F335FE /* Frameworks */ = {
			isa = PBXFrameworksBuildPhase;
			buildActionMask = 2147483647;
			files = (
			);
			runOnlyForDeploymentPostprocessing = 0;
		};
		32C77FE02C18504F00F335FE /* Frameworks */ = {
			isa = PBXFrameworksBuildPhase;
			buildActionMask = 2147483647;
			files = (
			);
			runOnlyForDeploymentPostprocessing = 0;
		};
/* End PBXFrameworksBuildPhase section */

/* Begin PBXGroup section */
		3204218B2C19302A00D72203 /* Chat */ = {
			isa = PBXGroup;
			children = (
				32C77FF62C18509A00F335FE /* ChatViewController.swift */,
				320421982C19343E00D72203 /* ChatViewModel.swift */,
				3204219A2C193B4100D72203 /* ChatViews.swift */,
				322A2D052C198BA8007A8075 /* MessageModel.swift */,
				32800EFF2C214E3000FE5786 /* ChatInputView.swift */,
				32800F012C21850A00FE5786 /* UploadImageSelectorViewController.swift */,
			);
			path = Chat;
			sourceTree = "<group>";
		};
		322A2CFD2C1949ED007A8075 /* Extensions */ = {
			isa = PBXGroup;
			children = (
				3241BE422C3F81BE0047BB71 /* UserDefault */,
				322A2CFE2C194A65007A8075 /* NSObject+.swift */,
				32B7E6A12C607E200032ABFD /* UICollectionView+.swift */,
				322A2D002C194C88007A8075 /* UITableView+.swift */,
				32E264332C1BE75C0083EC63 /* Extensions.swift */,
				32800EF82C202F8800FE5786 /* UIView+.swift */,
				32800F082C22AC5F00FE5786 /* UIImageView+KF.swift */,
				32800F0C2C2405EC00FE5786 /* UIImage+.swift */,
				326F728A2C29554B00B06DF8 /* UITextView+.swift */,
				326F728F2C2E4C4F00B06DF8 /* Array+.swift */,
				326F72912C2E910C00B06DF8 /* NSAttributedString+.swift */,
			);
			path = Extensions;
			sourceTree = "<group>";
		};
		323E88A92C353DC000401F50 /* Home */ = {
			isa = PBXGroup;
			children = (
				32690FC82C3D0F7000700192 /* _myNote */,
				323E88AA2C353DCF00401F50 /* _history */,
				32B7E6A92C69C1840032ABFD /* _myVocabulary */,
				32690FC72C3D0F6600700192 /* _setting */,
				323E88AD2C353DFA00401F50 /* HomeViewController.swift */,
				323E88B12C354BA200401F50 /* HomeViews.swift */,
			);
			path = Home;
			sourceTree = "<group>";
		};
		323E88AA2C353DCF00401F50 /* _history */ = {
			isa = PBXGroup;
			children = (
				323E88AB2C353DE800401F50 /* HistoryViewController.swift */,
				94A6CFC32C39EBD500B1E4E3 /* HistoryViewModel.swift */,
				323E88B32C3B761800401F50 /* HistoryViews.swift */,
			);
			path = _history;
			sourceTree = "<group>";
		};
		3241BE422C3F81BE0047BB71 /* UserDefault */ = {
			isa = PBXGroup;
			children = (
				3241BE432C3F81D80047BB71 /* UserDefault+.swift */,
				3241BE452C3F82410047BB71 /* DefaultKeys.swift */,
			);
			path = UserDefault;
			sourceTree = "<group>";
		};
		3241BE492C44AF980047BB71 /* SQLite */ = {
			isa = PBXGroup;
			children = (
				3241BE4A2C44B01A0047BB71 /* ChatModel.swift */,
				946F7A372C464EC4007DC7A8 /* NoteModel.swift */,
				32B7E6B42C69DBD50032ABFD /* VocabularyModel.swift */,
			);
			path = SQLite;
			sourceTree = "<group>";
		};
		3241BE512C4DEA890047BB71 /* _note */ = {
			isa = PBXGroup;
			children = (
				3241BE522C4DEAAA0047BB71 /* NoteViewController.swift */,
				3241BE542C4DF0C70047BB71 /* NoteViewModel.swift */,
				3241BE562C4DF1AA0047BB71 /* NoteViews.swift */,
			);
			path = _note;
			sourceTree = "<group>";
		};
		32690FC22C3BA06100700192 /* Base */ = {
			isa = PBXGroup;
			children = (
				94A6CFC12C39E13100B1E4E3 /* BaseViewModel.swift */,
				32800EF42C20220500FE5786 /* BaseUIViewController.swift */,
				323E88A72C353D2200401F50 /* MainTabBarController.swift */,
			);
			path = Base;
			sourceTree = "<group>";
		};
		32690FC72C3D0F6600700192 /* _setting */ = {
			isa = PBXGroup;
			children = (
				32690FCA2C3D2F0600700192 /* SettingViewController.swift */,
				3241BE402C3F7A720047BB71 /* SettingViews.swift */,
			);
			path = _setting;
			sourceTree = "<group>";
		};
		32690FC82C3D0F7000700192 /* _myNote */ = {
			isa = PBXGroup;
			children = (
				3241BE512C4DEA890047BB71 /* _note */,
				32690FCC2C3D2F2400700192 /* MyNoteViewController.swift */,
				9455D8042C4918F6007AC9C2 /* MyNoteViews.swift */,
				9455D8062C491966007AC9C2 /* MyNoteViewModel.swift */,
			);
			path = _myNote;
			sourceTree = "<group>";
		};
		32690FC92C3D2EC300700192 /* Manager */ = {
			isa = PBXGroup;
			children = (
				3241BE4F2C44B3FC0047BB71 /* DatabaseManager.swift */,
				32690FD02C3E679200700192 /* SpeechVoiceManager.swift */,
				3241BE472C3F841E0047BB71 /* AccountManager.swift */,
				946F7A392C466F38007DC7A8 /* NoteManager.swift */,
				946F7A3B2C466FAA007DC7A8 /* ChatRoomManager.swift */,
				942395EA2C56A95000E65150 /* ImageManager.swift */,
				327D28642C57314B00F6ED68 /* SharedGroupStorage.swift */,
				32B7E6B62C69DD090032ABFD /* VocabularyManager.swift */,
				94215CAA2C73851000F4DDF1 /* CacheManager.swift */,
				329B3F852C7C2F2E004D7570 /* TimerManager.swift */,
				329B3F872C7C56C7004D7570 /* VocabularyWordQuestionGenerator.swift */,
			);
			path = Manager;
			sourceTree = "<group>";
		};
		32690FD22C3E763100700192 /* VoicePicker */ = {
			isa = PBXGroup;
			children = (
				32690FD32C3E766300700192 /* VoicePickerViewController.swift */,
			);
			path = VoicePicker;
			sourceTree = "<group>";
		};
		327D286A2C59E0C700F6ED68 /* RichTextEditor */ = {
			isa = PBXGroup;
			children = (
				327D286B2C59E0EE00F6ED68 /* TextViewEditor */,
				9455D8082C4A3FA3007AC9C2 /* HtmlEditor */,
			);
			path = RichTextEditor;
			sourceTree = "<group>";
		};
		327D286B2C59E0EE00F6ED68 /* TextViewEditor */ = {
			isa = PBXGroup;
			children = (
				327D286C2C59E39200F6ED68 /* TextEditorViewController.swift */,
				943CFF902C5CBE7E00B96812 /* TextEditorViews.swift */,
				32B7E6A32C607F500032ABFD /* TextEditorViewModel.swift */,
				32B7E6A52C60E4C10032ABFD /* ActionUIStatusModel.swift */,
			);
			path = TextViewEditor;
			sourceTree = "<group>";
		};
		32800EE82C1C225500FE5786 /* Screen */ = {
			isa = PBXGroup;
			children = (
				327D286A2C59E0C700F6ED68 /* RichTextEditor */,
				32690FD22C3E763100700192 /* VoicePicker */,
				32690FC22C3BA06100700192 /* Base */,
				323E88A92C353DC000401F50 /* Home */,
				32800EFA2C211B6D00FE5786 /* Launch */,
				32800EEB2C1C231700FE5786 /* Login */,
				3204218B2C19302A00D72203 /* Chat */,
				32800EEE2C1C239300FE5786 /* ControllerView.swift */,
				323E88AF2C353FE000401F50 /* ScreenLoader.swift */,
				32C77FC62C18504E00F335FE /* AppDelegate.swift */,
				32800EFD2C21316D00FE5786 /* LaunchScreen.storyboard */,
				32C77FC82C18504E00F335FE /* SceneDelegate.swift */,
				32690FCE2C3E2D2500700192 /* Test.xib */,
			);
			path = Screen;
			sourceTree = "<group>";
		};
		32800EEB2C1C231700FE5786 /* Login */ = {
			isa = PBXGroup;
			children = (
				32800EE92C1C229500FE5786 /* LoginViewController.swift */,
				32800EF02C1FE74600FE5786 /* UserValidation.swift */,
				32800EEC2C1C233D00FE5786 /* LogingViews.swift */,
				32800EF22C20105800FE5786 /* LoginViewModel.swift */,
			);
			path = Login;
			sourceTree = "<group>";
		};
		32800EFA2C211B6D00FE5786 /* Launch */ = {
			isa = PBXGroup;
			children = (
				32800EFB2C211B8D00FE5786 /* LaunchViewController.swift */,
			);
			path = Launch;
			sourceTree = "<group>";
		};
		32800F102C251DAF00FE5786 /* protocol */ = {
			isa = PBXGroup;
			children = (
				322A2D032C1974DC007A8075 /* OpenAIProtocol.swift */,
				32800F112C251E5400FE5786 /* AttributedStringParsable.swift */,
				32690FC52C3CE62A00700192 /* ImageFileHandler.swift */,
				943CFF922C5CE44B00B96812 /* CollectionViewLeftAlignedLayout.swift */,
				32B7E6A72C637C010032ABFD /* DataToAttributedString.swift */,
				32B7E6E32C6DC1150032ABFD /* DataCacheProtocol.swift */,
				32B4D7092C742BA300CA4C40 /* SpeechTextDelegate.swift */,
				329B3F8B2C7F1377004D7570 /* ExamQuestionProtocol.swift */,
			);
			path = protocol;
			sourceTree = "<group>";
		};
		32B4D70D2C7446DB00CA4C40 /* _flipCardViewContoller */ = {
			isa = PBXGroup;
			children = (
				32B4D70B2C7446B100CA4C40 /* FlipCardViewContoller.swift */,
				32B4D70E2C745F4500CA4C40 /* FlipCardViews.swift */,
				32B4D7102C747DD000CA4C40 /* FlipCardViewModel.swift */,
			);
			path = _flipCardViewContoller;
			sourceTree = "<group>";
		};
		32B4D71A2C7832C700CA4C40 /* _EnglishExamViewController */ = {
			isa = PBXGroup;
			children = (
				32B4D71B2C7832E900CA4C40 /* EnglishExamViewController.swift */,
				32B4D71D2C78332000CA4C40 /* EnglishExamViewModel.swift */,
				32B4D71F2C78337100CA4C40 /* EnglishExamViews.swift */,
				329B3F832C796DBE004D7570 /* EnglishQuestion.swift */,
			);
			path = _EnglishExamViewController;
			sourceTree = "<group>";
		};
		32B7E6A92C69C1840032ABFD /* _myVocabulary */ = {
			isa = PBXGroup;
			children = (
				32B4D71A2C7832C700CA4C40 /* _EnglishExamViewController */,
				32B4D70D2C7446DB00CA4C40 /* _flipCardViewContoller */,
				32B7E6BA2C6B25C90032ABFD /* _vocabularyViewController */,
				32B7E6AA2C69C24F0032ABFD /* TOEICWord.json */,
				32B7E6AC2C69C2C10032ABFD /* TOEICWordDecoder.swift */,
				32B7E6AE2C69C3650032ABFD /* WordModels.swift */,
				32B7E6B02C69CF040032ABFD /* MyVocabularyViewController.swift */,
				32B7E6B22C69CF360032ABFD /* MyVocabularyViewModel.swift */,
				32B7E6B82C69E5610032ABFD /* MyVocabularyViews.swift */,
				32D54DA52C787D9C000A9E97 /* ExamQuestionSelectorViewController.swift */,
				32C495642C8019A700AB1360 /* GrammarPointSelectorAlert.swift */,
			);
			path = _myVocabulary;
			sourceTree = "<group>";
		};
		32B7E6BA2C6B25C90032ABFD /* _vocabularyViewController */ = {
			isa = PBXGroup;
			children = (
				32B7E6BB2C6B25E30032ABFD /* VocabularyViewController.swift */,
				32B7E6BD2C6B27750032ABFD /* VocabularyViews.swift */,
				32B7E6BF2C6B277E0032ABFD /* VocabularyViewModel.swift */,
			);
			path = _vocabularyViewController;
			sourceTree = "<group>";
		};
		32B7E6C12C6B2F1E0032ABFD /* ThirdParty */ = {
			isa = PBXGroup;
			children = (
				32B7E6C62C6B2F500032ABFD /* FSPagerView */,
			);
			path = ThirdParty;
			sourceTree = "<group>";
		};
		32B7E6C62C6B2F500032ABFD /* FSPagerView */ = {
			isa = PBXGroup;
			children = (
				32B7E6D62C6B31FE0032ABFD /* Sources */,
				32B7E6C52C6B2F500032ABFD /* FSPagerView.xcodeproj */,
			);
			path = FSPagerView;
			sourceTree = "<group>";
		};
		32B7E6C72C6B2F500032ABFD /* Products */ = {
			isa = PBXGroup;
			children = (
				32B7E6CB2C6B2F500032ABFD /* FSPagerView.framework */,
			);
			name = Products;
			sourceTree = "<group>";
		};
		32B7E6D62C6B31FE0032ABFD /* Sources */ = {
			isa = PBXGroup;
			children = (
				32B7E6CD2C6B31FE0032ABFD /* FSPageControl.swift */,
				32B7E6CE2C6B31FE0032ABFD /* FSPagerCollectionView.swift */,
				32B7E6CF2C6B31FE0032ABFD /* FSPagerView.swift */,
				32B7E6D02C6B31FE0032ABFD /* FSPagerViewCell.swift */,
				32B7E6D12C6B31FE0032ABFD /* FSPagerViewLayoutAttributes.swift */,
				32B7E6D22C6B31FE0032ABFD /* FSPagerViewObjcCompat.h */,
				32B7E6D32C6B31FE0032ABFD /* FSPagerViewObjcCompat.m */,
				32B7E6D42C6B31FE0032ABFD /* FSPageViewLayout.swift */,
				32B7E6D52C6B31FE0032ABFD /* FSPageViewTransformer.swift */,
			);
			path = Sources;
			sourceTree = "<group>";
		};
		32C495632C7F2FAA00AB1360 /* SystemDefine */ = {
			isa = PBXGroup;
			children = (
				320421962C1933EC00D72203 /* SystemDefine.swift */,
				32C495612C7F2F8B00AB1360 /* SystemDefine+EnglishExam.swift */,
				32C495692C8AF61000AB1360 /* AppColors.swift */,
			);
			path = SystemDefine;
			sourceTree = "<group>";
		};
		32C77FBA2C18504E00F335FE = {
			isa = PBXGroup;
			children = (
				32C77FC52C18504E00F335FE /* ChatBot */,
				32C77FDC2C18504F00F335FE /* ChatBotTests */,
				32C77FE62C18504F00F335FE /* ChatBotUITests */,
				32C77FC42C18504E00F335FE /* Products */,
			);
			sourceTree = "<group>";
		};
		32C77FC42C18504E00F335FE /* Products */ = {
			isa = PBXGroup;
			children = (
				32C77FC32C18504E00F335FE /* ChatBot.app */,
				32C77FD92C18504F00F335FE /* ChatBotTests.xctest */,
				32C77FE32C18504F00F335FE /* ChatBotUITests.xctest */,
			);
			name = Products;
			sourceTree = "<group>";
		};
		32C77FC52C18504E00F335FE /* ChatBot */ = {
			isa = PBXGroup;
			children = (
				32C495632C7F2FAA00AB1360 /* SystemDefine */,
				3241BE492C44AF980047BB71 /* SQLite */,
				32690FC92C3D2EC300700192 /* Manager */,
				32800F102C251DAF00FE5786 /* protocol */,
				32800EE82C1C225500FE5786 /* Screen */,
				32E264302C1BDA200083EC63 /* Service */,
				32E2642D2C1AA9B50083EC63 /* CustomView */,
				322A2CFD2C1949ED007A8075 /* Extensions */,
				32C77FCF2C18504F00F335FE /* Assets.xcassets */,
				32B7E6C12C6B2F1E0032ABFD /* ThirdParty */,
				32C77FD42C18504F00F335FE /* Info.plist */,
			);
			path = ChatBot;
			sourceTree = "<group>";
		};
		32C77FDC2C18504F00F335FE /* ChatBotTests */ = {
			isa = PBXGroup;
			children = (
				32C77FDD2C18504F00F335FE /* ChatBotTests.swift */,
			);
			path = ChatBotTests;
			sourceTree = "<group>";
		};
		32C77FE62C18504F00F335FE /* ChatBotUITests */ = {
			isa = PBXGroup;
			children = (
				32C77FE72C18504F00F335FE /* ChatBotUITests.swift */,
				32C77FE92C18504F00F335FE /* ChatBotUITestsLaunchTests.swift */,
			);
			path = ChatBotUITests;
			sourceTree = "<group>";
		};
		32E2642D2C1AA9B50083EC63 /* CustomView */ = {
			isa = PBXGroup;
			children = (
				32E2642E2C1AA9D10083EC63 /* PaddingLabel.swift */,
				32800EF62C2023B400FE5786 /* LoadingView.swift */,
				32690FC32C3CCF4B00700192 /* RemoteImageAttachment.swift */,
				327D286E2C5A10DC00F6ED68 /* NoActionTextView.swift */,
				32B4D7182C77448700CA4C40 /* StarButton.swift */,
				32C495672C80594200AB1360 /* RadioButtonGroupView.swift */,
				32C4956B2C8B0C2E00AB1360 /* SpeakButton.swift */,
			);
			path = CustomView;
			sourceTree = "<group>";
		};
		32E264302C1BDA200083EC63 /* Service */ = {
			isa = PBXGroup;
			children = (
				32E264312C1BDA8D0083EC63 /* OpenAIService.swift */,
				32800F0A2C23D4C500FE5786 /* OpenAIProtocol+ ImageFileHandler.swift */,
				32B7E6DF2C6B54FF0032ABFD /* VocabularyService.swift */,
				329B3F892C7DD802004D7570 /* EnglishQuestionService.swift */,
			);
			path = Service;
			sourceTree = "<group>";
		};
		9455D8082C4A3FA3007AC9C2 /* HtmlEditor */ = {
			isa = PBXGroup;
			children = (
				9455D8092C4A3FCB007AC9C2 /* index.html */,
				9455D80A2C4A3FCB007AC9C2 /* script.js */,
				9455D80B2C4A3FCB007AC9C2 /* style.css */,
				9455D80F2C4A3FE6007AC9C2 /* HtmlEditorViewController.swift */,
			);
			path = HtmlEditor;
			sourceTree = "<group>";
		};
/* End PBXGroup section */

/* Begin PBXNativeTarget section */
		32C77FC22C18504E00F335FE /* ChatBot */ = {
			isa = PBXNativeTarget;
			buildConfigurationList = 32C77FED2C18504F00F335FE /* Build configuration list for PBXNativeTarget "ChatBot" */;
			buildPhases = (
				32C77FBF2C18504E00F335FE /* Sources */,
				32C77FC02C18504E00F335FE /* Frameworks */,
				32C77FC12C18504E00F335FE /* Resources */,
			);
			buildRules = (
			);
			dependencies = (
			);
			name = ChatBot;
			packageProductDependencies = (
				320421942C19331500D72203 /* OpenAI */,
				3204219D2C19405500D72203 /* SnapKit */,
				32800F062C22A45900FE5786 /* Kingfisher */,
				326F728D2C2A5CDE00B06DF8 /* SDWebImage */,
				323E88A52C35251000401F50 /* NVActivityIndicatorView */,
				3241BE4D2C44B1B90047BB71 /* GRDB */,
				327D28672C5739C300F6ED68 /* ZMarkupParser */,
			);
			productName = ChatBot;
			productReference = 32C77FC32C18504E00F335FE /* ChatBot.app */;
			productType = "com.apple.product-type.application";
		};
		32C77FD82C18504F00F335FE /* ChatBotTests */ = {
			isa = PBXNativeTarget;
			buildConfigurationList = 32C77FF02C18504F00F335FE /* Build configuration list for PBXNativeTarget "ChatBotTests" */;
			buildPhases = (
				32C77FD52C18504F00F335FE /* Sources */,
				32C77FD62C18504F00F335FE /* Frameworks */,
				32C77FD72C18504F00F335FE /* Resources */,
			);
			buildRules = (
			);
			dependencies = (
				32C77FDB2C18504F00F335FE /* PBXTargetDependency */,
			);
			name = ChatBotTests;
			productName = ChatBotTests;
			productReference = 32C77FD92C18504F00F335FE /* ChatBotTests.xctest */;
			productType = "com.apple.product-type.bundle.unit-test";
		};
		32C77FE22C18504F00F335FE /* ChatBotUITests */ = {
			isa = PBXNativeTarget;
			buildConfigurationList = 32C77FF32C18504F00F335FE /* Build configuration list for PBXNativeTarget "ChatBotUITests" */;
			buildPhases = (
				32C77FDF2C18504F00F335FE /* Sources */,
				32C77FE02C18504F00F335FE /* Frameworks */,
				32C77FE12C18504F00F335FE /* Resources */,
			);
			buildRules = (
			);
			dependencies = (
				32C77FE52C18504F00F335FE /* PBXTargetDependency */,
			);
			name = ChatBotUITests;
			productName = ChatBotUITests;
			productReference = 32C77FE32C18504F00F335FE /* ChatBotUITests.xctest */;
			productType = "com.apple.product-type.bundle.ui-testing";
		};
/* End PBXNativeTarget section */

/* Begin PBXProject section */
		32C77FBB2C18504E00F335FE /* Project object */ = {
			isa = PBXProject;
			attributes = {
				BuildIndependentTargetsInParallel = 1;
				LastSwiftUpdateCheck = 1540;
				LastUpgradeCheck = 1540;
				TargetAttributes = {
					32C77FC22C18504E00F335FE = {
						CreatedOnToolsVersion = 15.4;
					};
					32C77FD82C18504F00F335FE = {
						CreatedOnToolsVersion = 15.4;
						TestTargetID = 32C77FC22C18504E00F335FE;
					};
					32C77FE22C18504F00F335FE = {
						CreatedOnToolsVersion = 15.4;
						TestTargetID = 32C77FC22C18504E00F335FE;
					};
				};
			};
			buildConfigurationList = 32C77FBE2C18504E00F335FE /* Build configuration list for PBXProject "ChatBot" */;
			compatibilityVersion = "Xcode 14.0";
			developmentRegion = en;
			hasScannedForEncodings = 0;
			knownRegions = (
				en,
				Base,
			);
			mainGroup = 32C77FBA2C18504E00F335FE;
			packageReferences = (
				320421932C19331500D72203 /* XCRemoteSwiftPackageReference "OpenAI" */,
				3204219C2C19405500D72203 /* XCRemoteSwiftPackageReference "SnapKit" */,
				32800F052C22A45900FE5786 /* XCRemoteSwiftPackageReference "Kingfisher" */,
				326F728C2C2A5CDE00B06DF8 /* XCRemoteSwiftPackageReference "SDWebImage" */,
				323E88A42C35251000401F50 /* XCRemoteSwiftPackageReference "NVActivityIndicatorView" */,
				3241BE4C2C44B1B90047BB71 /* XCRemoteSwiftPackageReference "GRDB.swift" */,
				327D28662C5734BB00F6ED68 /* XCRemoteSwiftPackageReference "ZMarkupParser" */,
			);
			productRefGroup = 32C77FC42C18504E00F335FE /* Products */;
			projectDirPath = "";
			projectReferences = (
				{
					ProductGroup = 32B7E6C72C6B2F500032ABFD /* Products */;
					ProjectRef = 32B7E6C52C6B2F500032ABFD /* FSPagerView.xcodeproj */;
				},
			);
			projectRoot = "";
			targets = (
				32C77FC22C18504E00F335FE /* ChatBot */,
				32C77FD82C18504F00F335FE /* ChatBotTests */,
				32C77FE22C18504F00F335FE /* ChatBotUITests */,
			);
		};
/* End PBXProject section */

/* Begin PBXReferenceProxy section */
		32B7E6CB2C6B2F500032ABFD /* FSPagerView.framework */ = {
			isa = PBXReferenceProxy;
			fileType = wrapper.framework;
			path = FSPagerView.framework;
			remoteRef = 32B7E6CA2C6B2F500032ABFD /* PBXContainerItemProxy */;
			sourceTree = BUILT_PRODUCTS_DIR;
		};
/* End PBXReferenceProxy section */

/* Begin PBXResourcesBuildPhase section */
		32C77FC12C18504E00F335FE /* Resources */ = {
			isa = PBXResourcesBuildPhase;
			buildActionMask = 2147483647;
			files = (
				9455D80D2C4A3FCB007AC9C2 /* script.js in Resources */,
				32B7E6AB2C69C24F0032ABFD /* TOEICWord.json in Resources */,
				9455D80E2C4A3FCB007AC9C2 /* style.css in Resources */,
				32C77FD02C18504F00F335FE /* Assets.xcassets in Resources */,
				9455D80C2C4A3FCB007AC9C2 /* index.html in Resources */,
				32690FCF2C3E2D2500700192 /* Test.xib in Resources */,
				32800EFE2C21316D00FE5786 /* LaunchScreen.storyboard in Resources */,
			);
			runOnlyForDeploymentPostprocessing = 0;
		};
		32C77FD72C18504F00F335FE /* Resources */ = {
			isa = PBXResourcesBuildPhase;
			buildActionMask = 2147483647;
			files = (
			);
			runOnlyForDeploymentPostprocessing = 0;
		};
		32C77FE12C18504F00F335FE /* Resources */ = {
			isa = PBXResourcesBuildPhase;
			buildActionMask = 2147483647;
			files = (
			);
			runOnlyForDeploymentPostprocessing = 0;
		};
/* End PBXResourcesBuildPhase section */

/* Begin PBXSourcesBuildPhase section */
		32C77FBF2C18504E00F335FE /* Sources */ = {
			isa = PBXSourcesBuildPhase;
			buildActionMask = 2147483647;
			files = (
				32800EEA2C1C229500FE5786 /* LoginViewController.swift in Sources */,
				32B7E6D72C6B31FE0032ABFD /* FSPageControl.swift in Sources */,
				32C4956A2C8AF61000AB1360 /* AppColors.swift in Sources */,
				32B4D70C2C7446B100CA4C40 /* FlipCardViewContoller.swift in Sources */,
				32B7E6DB2C6B31FE0032ABFD /* FSPagerViewLayoutAttributes.swift in Sources */,
				94A6CFC22C39E13100B1E4E3 /* BaseViewModel.swift in Sources */,
				32800F0D2C2405EC00FE5786 /* UIImage+.swift in Sources */,
				32B7E6B12C69CF040032ABFD /* MyVocabularyViewController.swift in Sources */,
				32E2642F2C1AA9D10083EC63 /* PaddingLabel.swift in Sources */,
				323E88B22C354BA200401F50 /* HomeViews.swift in Sources */,
				946F7A382C464EC4007DC7A8 /* NoteModel.swift in Sources */,
				32C495652C8019A700AB1360 /* GrammarPointSelectorAlert.swift in Sources */,
				326F72902C2E4C4F00B06DF8 /* Array+.swift in Sources */,
				32B4D7202C78337100CA4C40 /* EnglishExamViews.swift in Sources */,
				32C77FC72C18504E00F335FE /* AppDelegate.swift in Sources */,
				943CFF932C5CE44B00B96812 /* CollectionViewLeftAlignedLayout.swift in Sources */,
				32B7E6DA2C6B31FE0032ABFD /* FSPagerViewCell.swift in Sources */,
				94215CAB2C73851000F4DDF1 /* CacheManager.swift in Sources */,
				3241BE532C4DEAAA0047BB71 /* NoteViewController.swift in Sources */,
				32690FD42C3E766300700192 /* VoicePickerViewController.swift in Sources */,
				322A2D012C194C88007A8075 /* UITableView+.swift in Sources */,
				32690FCD2C3D2F2400700192 /* MyNoteViewController.swift in Sources */,
				32B7E6DC2C6B31FE0032ABFD /* FSPagerViewObjcCompat.m in Sources */,
				32B7E6AF2C69C3650032ABFD /* WordModels.swift in Sources */,
				327D286F2C5A10DC00F6ED68 /* NoActionTextView.swift in Sources */,
				320421972C1933EC00D72203 /* SystemDefine.swift in Sources */,
				329B3F842C796DBE004D7570 /* EnglishQuestion.swift in Sources */,
				3204219B2C193B4100D72203 /* ChatViews.swift in Sources */,
				94A6CFC42C39EBD500B1E4E3 /* HistoryViewModel.swift in Sources */,
				32B7E6AD2C69C2C10032ABFD /* TOEICWordDecoder.swift in Sources */,
				32B7E6D82C6B31FE0032ABFD /* FSPagerCollectionView.swift in Sources */,
				32B4D71C2C7832E900CA4C40 /* EnglishExamViewController.swift in Sources */,
				32C77FF72C18509A00F335FE /* ChatViewController.swift in Sources */,
				32B4D70A2C742BA300CA4C40 /* SpeechTextDelegate.swift in Sources */,
				32690FC62C3CE62A00700192 /* ImageFileHandler.swift in Sources */,
				329B3F862C7C2F2E004D7570 /* TimerManager.swift in Sources */,
				9455D8072C491966007AC9C2 /* MyNoteViewModel.swift in Sources */,
				9455D8052C4918F6007AC9C2 /* MyNoteViews.swift in Sources */,
				32B7E6B92C69E5610032ABFD /* MyVocabularyViews.swift in Sources */,
				32B4D7192C77448700CA4C40 /* StarButton.swift in Sources */,
				32C4956C2C8B0C2E00AB1360 /* SpeakButton.swift in Sources */,
				322A2D062C198BA8007A8075 /* MessageModel.swift in Sources */,
				32C495682C80594200AB1360 /* RadioButtonGroupView.swift in Sources */,
				327D28652C57314B00F6ED68 /* SharedGroupStorage.swift in Sources */,
				32800EF32C20105800FE5786 /* LoginViewModel.swift in Sources */,
				32800EF92C202F8800FE5786 /* UIView+.swift in Sources */,
				32B7E6B52C69DBD50032ABFD /* VocabularyModel.swift in Sources */,
				32800F022C21850A00FE5786 /* UploadImageSelectorViewController.swift in Sources */,
				32690FD12C3E679200700192 /* SpeechVoiceManager.swift in Sources */,
				946F7A3A2C466F38007DC7A8 /* NoteManager.swift in Sources */,
				32B7E6A42C607F500032ABFD /* TextEditorViewModel.swift in Sources */,
				3241BE482C3F841E0047BB71 /* AccountManager.swift in Sources */,
				32800F092C22AC5F00FE5786 /* UIImageView+KF.swift in Sources */,
				32800EED2C1C233D00FE5786 /* LogingViews.swift in Sources */,
				326F72922C2E910C00B06DF8 /* NSAttributedString+.swift in Sources */,
				32B7E6B72C69DD090032ABFD /* VocabularyManager.swift in Sources */,
				323E88A82C353D2200401F50 /* MainTabBarController.swift in Sources */,
				32B7E6C02C6B277E0032ABFD /* VocabularyViewModel.swift in Sources */,
				32B7E6BE2C6B27750032ABFD /* VocabularyViews.swift in Sources */,
				32E264342C1BE75C0083EC63 /* Extensions.swift in Sources */,
				32B4D71E2C78332000CA4C40 /* EnglishExamViewModel.swift in Sources */,
				32B7E6B32C69CF360032ABFD /* MyVocabularyViewModel.swift in Sources */,
				322A2D042C1974DC007A8075 /* OpenAIProtocol.swift in Sources */,
				32800EF12C1FE74600FE5786 /* UserValidation.swift in Sources */,
				32B7E6DD2C6B31FE0032ABFD /* FSPageViewLayout.swift in Sources */,
				32B7E6E02C6B54FF0032ABFD /* VocabularyService.swift in Sources */,
				32800F0B2C23D4C500FE5786 /* OpenAIProtocol+ ImageFileHandler.swift in Sources */,
				32800EF72C2023B400FE5786 /* LoadingView.swift in Sources */,
				3241BE442C3F81D80047BB71 /* UserDefault+.swift in Sources */,
				9455D8102C4A3FE6007AC9C2 /* HtmlEditorViewController.swift in Sources */,
				32B7E6A82C637C010032ABFD /* DataToAttributedString.swift in Sources */,
				32C495622C7F2F8B00AB1360 /* SystemDefine+EnglishExam.swift in Sources */,
				3241BE412C3F7A720047BB71 /* SettingViews.swift in Sources */,
				946F7A3C2C466FAA007DC7A8 /* ChatRoomManager.swift in Sources */,
				3241BE4B2C44B01A0047BB71 /* ChatModel.swift in Sources */,
				329B3F8C2C7F1377004D7570 /* ExamQuestionProtocol.swift in Sources */,
				32800F002C214E3000FE5786 /* ChatInputView.swift in Sources */,
				323E88AE2C353DFA00401F50 /* HomeViewController.swift in Sources */,
				3241BE572C4DF1AA0047BB71 /* NoteViews.swift in Sources */,
				327D286D2C59E39200F6ED68 /* TextEditorViewController.swift in Sources */,
				32B7E6BC2C6B25E30032ABFD /* VocabularyViewController.swift in Sources */,
				323E88B42C3B761800401F50 /* HistoryViews.swift in Sources */,
				323E88B02C353FE000401F50 /* ScreenLoader.swift in Sources */,
				32B4D7112C747DD000CA4C40 /* FlipCardViewModel.swift in Sources */,
				32B7E6A62C60E4C10032ABFD /* ActionUIStatusModel.swift in Sources */,
				3241BE462C3F82410047BB71 /* DefaultKeys.swift in Sources */,
				322A2CFF2C194A65007A8075 /* NSObject+.swift in Sources */,
				320421992C19343E00D72203 /* ChatViewModel.swift in Sources */,
				32690FCB2C3D2F0600700192 /* SettingViewController.swift in Sources */,
				32690FC42C3CCF4B00700192 /* RemoteImageAttachment.swift in Sources */,
				32B4D70F2C745F4500CA4C40 /* FlipCardViews.swift in Sources */,
				32C77FC92C18504E00F335FE /* SceneDelegate.swift in Sources */,
				32B7E6E42C6DC1150032ABFD /* DataCacheProtocol.swift in Sources */,
				32800EEF2C1C239300FE5786 /* ControllerView.swift in Sources */,
				329B3F882C7C56C7004D7570 /* VocabularyWordQuestionGenerator.swift in Sources */,
				3241BE502C44B3FC0047BB71 /* DatabaseManager.swift in Sources */,
				943CFF912C5CBE7E00B96812 /* TextEditorViews.swift in Sources */,
				326F728B2C29554B00B06DF8 /* UITextView+.swift in Sources */,
				32B7E6A22C607E200032ABFD /* UICollectionView+.swift in Sources */,
				32800F122C251E5400FE5786 /* AttributedStringParsable.swift in Sources */,
				32B7E6D92C6B31FE0032ABFD /* FSPagerView.swift in Sources */,
				32800EFC2C211B8D00FE5786 /* LaunchViewController.swift in Sources */,
				32B7E6DE2C6B31FE0032ABFD /* FSPageViewTransformer.swift in Sources */,
				3241BE552C4DF0C70047BB71 /* NoteViewModel.swift in Sources */,
				329B3F8A2C7DD802004D7570 /* EnglishQuestionService.swift in Sources */,
				942395EB2C56A95000E65150 /* ImageManager.swift in Sources */,
				32800EF52C20220500FE5786 /* BaseUIViewController.swift in Sources */,
				32D54DA62C787D9C000A9E97 /* ExamQuestionSelectorViewController.swift in Sources */,
				323E88AC2C353DE800401F50 /* HistoryViewController.swift in Sources */,
				32E264322C1BDA8D0083EC63 /* OpenAIService.swift in Sources */,
			);
			runOnlyForDeploymentPostprocessing = 0;
		};
		32C77FD52C18504F00F335FE /* Sources */ = {
			isa = PBXSourcesBuildPhase;
			buildActionMask = 2147483647;
			files = (
				32C77FDE2C18504F00F335FE /* ChatBotTests.swift in Sources */,
			);
			runOnlyForDeploymentPostprocessing = 0;
		};
		32C77FDF2C18504F00F335FE /* Sources */ = {
			isa = PBXSourcesBuildPhase;
			buildActionMask = 2147483647;
			files = (
				32C77FEA2C18504F00F335FE /* ChatBotUITestsLaunchTests.swift in Sources */,
				32C77FE82C18504F00F335FE /* ChatBotUITests.swift in Sources */,
			);
			runOnlyForDeploymentPostprocessing = 0;
		};
/* End PBXSourcesBuildPhase section */

/* Begin PBXTargetDependency section */
		32C77FDB2C18504F00F335FE /* PBXTargetDependency */ = {
			isa = PBXTargetDependency;
			target = 32C77FC22C18504E00F335FE /* ChatBot */;
			targetProxy = 32C77FDA2C18504F00F335FE /* PBXContainerItemProxy */;
		};
		32C77FE52C18504F00F335FE /* PBXTargetDependency */ = {
			isa = PBXTargetDependency;
			target = 32C77FC22C18504E00F335FE /* ChatBot */;
			targetProxy = 32C77FE42C18504F00F335FE /* PBXContainerItemProxy */;
		};
/* End PBXTargetDependency section */

/* Begin XCBuildConfiguration section */
		32C77FEB2C18504F00F335FE /* Debug */ = {
			isa = XCBuildConfiguration;
			buildSettings = {
				ALWAYS_SEARCH_USER_PATHS = NO;
				ASSETCATALOG_COMPILER_GENERATE_SWIFT_ASSET_SYMBOL_EXTENSIONS = YES;
				CLANG_ANALYZER_NONNULL = YES;
				CLANG_ANALYZER_NUMBER_OBJECT_CONVERSION = YES_AGGRESSIVE;
				CLANG_CXX_LANGUAGE_STANDARD = "gnu++20";
				CLANG_ENABLE_MODULES = YES;
				CLANG_ENABLE_OBJC_ARC = YES;
				CLANG_ENABLE_OBJC_WEAK = YES;
				CLANG_WARN_BLOCK_CAPTURE_AUTORELEASING = YES;
				CLANG_WARN_BOOL_CONVERSION = YES;
				CLANG_WARN_COMMA = YES;
				CLANG_WARN_CONSTANT_CONVERSION = YES;
				CLANG_WARN_DEPRECATED_OBJC_IMPLEMENTATIONS = YES;
				CLANG_WARN_DIRECT_OBJC_ISA_USAGE = YES_ERROR;
				CLANG_WARN_DOCUMENTATION_COMMENTS = YES;
				CLANG_WARN_EMPTY_BODY = YES;
				CLANG_WARN_ENUM_CONVERSION = YES;
				CLANG_WARN_INFINITE_RECURSION = YES;
				CLANG_WARN_INT_CONVERSION = YES;
				CLANG_WARN_NON_LITERAL_NULL_CONVERSION = YES;
				CLANG_WARN_OBJC_IMPLICIT_RETAIN_SELF = YES;
				CLANG_WARN_OBJC_LITERAL_CONVERSION = YES;
				CLANG_WARN_OBJC_ROOT_CLASS = YES_ERROR;
				CLANG_WARN_QUOTED_INCLUDE_IN_FRAMEWORK_HEADER = YES;
				CLANG_WARN_RANGE_LOOP_ANALYSIS = YES;
				CLANG_WARN_STRICT_PROTOTYPES = YES;
				CLANG_WARN_SUSPICIOUS_MOVE = YES;
				CLANG_WARN_UNGUARDED_AVAILABILITY = YES_AGGRESSIVE;
				CLANG_WARN_UNREACHABLE_CODE = YES;
				CLANG_WARN__DUPLICATE_METHOD_MATCH = YES;
				COPY_PHASE_STRIP = NO;
				DEBUG_INFORMATION_FORMAT = dwarf;
				ENABLE_STRICT_OBJC_MSGSEND = YES;
				ENABLE_TESTABILITY = YES;
				ENABLE_USER_SCRIPT_SANDBOXING = YES;
				GCC_C_LANGUAGE_STANDARD = gnu17;
				GCC_DYNAMIC_NO_PIC = NO;
				GCC_NO_COMMON_BLOCKS = YES;
				GCC_OPTIMIZATION_LEVEL = 0;
				GCC_PREPROCESSOR_DEFINITIONS = (
					"DEBUG=1",
					"$(inherited)",
				);
				GCC_WARN_64_TO_32_BIT_CONVERSION = YES;
				GCC_WARN_ABOUT_RETURN_TYPE = YES_ERROR;
				GCC_WARN_UNDECLARED_SELECTOR = YES;
				GCC_WARN_UNINITIALIZED_AUTOS = YES_AGGRESSIVE;
				GCC_WARN_UNUSED_FUNCTION = YES;
				GCC_WARN_UNUSED_VARIABLE = YES;
				IPHONEOS_DEPLOYMENT_TARGET = 17.5;
				LOCALIZATION_PREFERS_STRING_CATALOGS = YES;
				MTL_ENABLE_DEBUG_INFO = INCLUDE_SOURCE;
				MTL_FAST_MATH = YES;
				ONLY_ACTIVE_ARCH = YES;
				SDKROOT = iphoneos;
				SWIFT_ACTIVE_COMPILATION_CONDITIONS = "DEBUG $(inherited)";
				SWIFT_OPTIMIZATION_LEVEL = "-Onone";
			};
			name = Debug;
		};
		32C77FEC2C18504F00F335FE /* Release */ = {
			isa = XCBuildConfiguration;
			buildSettings = {
				ALWAYS_SEARCH_USER_PATHS = NO;
				ASSETCATALOG_COMPILER_GENERATE_SWIFT_ASSET_SYMBOL_EXTENSIONS = YES;
				CLANG_ANALYZER_NONNULL = YES;
				CLANG_ANALYZER_NUMBER_OBJECT_CONVERSION = YES_AGGRESSIVE;
				CLANG_CXX_LANGUAGE_STANDARD = "gnu++20";
				CLANG_ENABLE_MODULES = YES;
				CLANG_ENABLE_OBJC_ARC = YES;
				CLANG_ENABLE_OBJC_WEAK = YES;
				CLANG_WARN_BLOCK_CAPTURE_AUTORELEASING = YES;
				CLANG_WARN_BOOL_CONVERSION = YES;
				CLANG_WARN_COMMA = YES;
				CLANG_WARN_CONSTANT_CONVERSION = YES;
				CLANG_WARN_DEPRECATED_OBJC_IMPLEMENTATIONS = YES;
				CLANG_WARN_DIRECT_OBJC_ISA_USAGE = YES_ERROR;
				CLANG_WARN_DOCUMENTATION_COMMENTS = YES;
				CLANG_WARN_EMPTY_BODY = YES;
				CLANG_WARN_ENUM_CONVERSION = YES;
				CLANG_WARN_INFINITE_RECURSION = YES;
				CLANG_WARN_INT_CONVERSION = YES;
				CLANG_WARN_NON_LITERAL_NULL_CONVERSION = YES;
				CLANG_WARN_OBJC_IMPLICIT_RETAIN_SELF = YES;
				CLANG_WARN_OBJC_LITERAL_CONVERSION = YES;
				CLANG_WARN_OBJC_ROOT_CLASS = YES_ERROR;
				CLANG_WARN_QUOTED_INCLUDE_IN_FRAMEWORK_HEADER = YES;
				CLANG_WARN_RANGE_LOOP_ANALYSIS = YES;
				CLANG_WARN_STRICT_PROTOTYPES = YES;
				CLANG_WARN_SUSPICIOUS_MOVE = YES;
				CLANG_WARN_UNGUARDED_AVAILABILITY = YES_AGGRESSIVE;
				CLANG_WARN_UNREACHABLE_CODE = YES;
				CLANG_WARN__DUPLICATE_METHOD_MATCH = YES;
				COPY_PHASE_STRIP = NO;
				DEBUG_INFORMATION_FORMAT = "dwarf-with-dsym";
				ENABLE_NS_ASSERTIONS = NO;
				ENABLE_STRICT_OBJC_MSGSEND = YES;
				ENABLE_USER_SCRIPT_SANDBOXING = YES;
				GCC_C_LANGUAGE_STANDARD = gnu17;
				GCC_NO_COMMON_BLOCKS = YES;
				GCC_WARN_64_TO_32_BIT_CONVERSION = YES;
				GCC_WARN_ABOUT_RETURN_TYPE = YES_ERROR;
				GCC_WARN_UNDECLARED_SELECTOR = YES;
				GCC_WARN_UNINITIALIZED_AUTOS = YES_AGGRESSIVE;
				GCC_WARN_UNUSED_FUNCTION = YES;
				GCC_WARN_UNUSED_VARIABLE = YES;
				IPHONEOS_DEPLOYMENT_TARGET = 17.5;
				LOCALIZATION_PREFERS_STRING_CATALOGS = YES;
				MTL_ENABLE_DEBUG_INFO = NO;
				MTL_FAST_MATH = YES;
				SDKROOT = iphoneos;
				SWIFT_COMPILATION_MODE = wholemodule;
				VALIDATE_PRODUCT = YES;
			};
			name = Release;
		};
		32C77FEE2C18504F00F335FE /* Debug */ = {
			isa = XCBuildConfiguration;
			buildSettings = {
				ASSETCATALOG_COMPILER_APPICON_NAME = AppIcon;
				ASSETCATALOG_COMPILER_GLOBAL_ACCENT_COLOR_NAME = AccentColor;
				CODE_SIGN_STYLE = Automatic;
				CURRENT_PROJECT_VERSION = 1;
				DEVELOPMENT_TEAM = 86B245JDH7;
				GENERATE_INFOPLIST_FILE = YES;
				INFOPLIST_FILE = ChatBot/Info.plist;
				INFOPLIST_KEY_UIApplicationSupportsIndirectInputEvents = YES;
				INFOPLIST_KEY_UILaunchStoryboardName = LaunchScreen;
				INFOPLIST_KEY_UISupportedInterfaceOrientations = UIInterfaceOrientationPortrait;
				LD_RUNPATH_SEARCH_PATHS = (
					"$(inherited)",
					"@executable_path/Frameworks",
				);
				MARKETING_VERSION = 1.0;
				PRODUCT_BUNDLE_IDENTIFIER = SW.ChatBot;
				PRODUCT_NAME = "$(TARGET_NAME)";
				SWIFT_EMIT_LOC_STRINGS = YES;
				SWIFT_VERSION = 5.0;
				TARGETED_DEVICE_FAMILY = "1,2";
			};
			name = Debug;
		};
		32C77FEF2C18504F00F335FE /* Release */ = {
			isa = XCBuildConfiguration;
			buildSettings = {
				ASSETCATALOG_COMPILER_APPICON_NAME = AppIcon;
				ASSETCATALOG_COMPILER_GLOBAL_ACCENT_COLOR_NAME = AccentColor;
				CODE_SIGN_STYLE = Automatic;
				CURRENT_PROJECT_VERSION = 1;
				DEVELOPMENT_TEAM = 86B245JDH7;
				GENERATE_INFOPLIST_FILE = YES;
				INFOPLIST_FILE = ChatBot/Info.plist;
				INFOPLIST_KEY_UIApplicationSupportsIndirectInputEvents = YES;
				INFOPLIST_KEY_UILaunchStoryboardName = LaunchScreen;
				INFOPLIST_KEY_UISupportedInterfaceOrientations = UIInterfaceOrientationPortrait;
				LD_RUNPATH_SEARCH_PATHS = (
					"$(inherited)",
					"@executable_path/Frameworks",
				);
				MARKETING_VERSION = 1.0;
				PRODUCT_BUNDLE_IDENTIFIER = SW.ChatBot;
				PRODUCT_NAME = "$(TARGET_NAME)";
				SWIFT_EMIT_LOC_STRINGS = YES;
				SWIFT_VERSION = 5.0;
				TARGETED_DEVICE_FAMILY = "1,2";
			};
			name = Release;
		};
		32C77FF12C18504F00F335FE /* Debug */ = {
			isa = XCBuildConfiguration;
			buildSettings = {
				ALWAYS_EMBED_SWIFT_STANDARD_LIBRARIES = YES;
				BUNDLE_LOADER = "$(TEST_HOST)";
				CODE_SIGN_STYLE = Automatic;
				CURRENT_PROJECT_VERSION = 1;
				DEVELOPMENT_TEAM = 86B245JDH7;
				GENERATE_INFOPLIST_FILE = YES;
				IPHONEOS_DEPLOYMENT_TARGET = 17.5;
				MARKETING_VERSION = 1.0;
				PRODUCT_BUNDLE_IDENTIFIER = SW.ChatBotTests;
				PRODUCT_NAME = "$(TARGET_NAME)";
				SWIFT_EMIT_LOC_STRINGS = NO;
				SWIFT_VERSION = 5.0;
				TARGETED_DEVICE_FAMILY = "1,2";
				TEST_HOST = "$(BUILT_PRODUCTS_DIR)/ChatBot.app/$(BUNDLE_EXECUTABLE_FOLDER_PATH)/ChatBot";
			};
			name = Debug;
		};
		32C77FF22C18504F00F335FE /* Release */ = {
			isa = XCBuildConfiguration;
			buildSettings = {
				ALWAYS_EMBED_SWIFT_STANDARD_LIBRARIES = YES;
				BUNDLE_LOADER = "$(TEST_HOST)";
				CODE_SIGN_STYLE = Automatic;
				CURRENT_PROJECT_VERSION = 1;
				DEVELOPMENT_TEAM = 86B245JDH7;
				GENERATE_INFOPLIST_FILE = YES;
				IPHONEOS_DEPLOYMENT_TARGET = 17.5;
				MARKETING_VERSION = 1.0;
				PRODUCT_BUNDLE_IDENTIFIER = SW.ChatBotTests;
				PRODUCT_NAME = "$(TARGET_NAME)";
				SWIFT_EMIT_LOC_STRINGS = NO;
				SWIFT_VERSION = 5.0;
				TARGETED_DEVICE_FAMILY = "1,2";
				TEST_HOST = "$(BUILT_PRODUCTS_DIR)/ChatBot.app/$(BUNDLE_EXECUTABLE_FOLDER_PATH)/ChatBot";
			};
			name = Release;
		};
		32C77FF42C18504F00F335FE /* Debug */ = {
			isa = XCBuildConfiguration;
			buildSettings = {
				ALWAYS_EMBED_SWIFT_STANDARD_LIBRARIES = YES;
				CODE_SIGN_STYLE = Automatic;
				CURRENT_PROJECT_VERSION = 1;
				DEVELOPMENT_TEAM = 86B245JDH7;
				GENERATE_INFOPLIST_FILE = YES;
				MARKETING_VERSION = 1.0;
				PRODUCT_BUNDLE_IDENTIFIER = SW.ChatBotUITests;
				PRODUCT_NAME = "$(TARGET_NAME)";
				SWIFT_EMIT_LOC_STRINGS = NO;
				SWIFT_VERSION = 5.0;
				TARGETED_DEVICE_FAMILY = "1,2";
				TEST_TARGET_NAME = ChatBot;
			};
			name = Debug;
		};
		32C77FF52C18504F00F335FE /* Release */ = {
			isa = XCBuildConfiguration;
			buildSettings = {
				ALWAYS_EMBED_SWIFT_STANDARD_LIBRARIES = YES;
				CODE_SIGN_STYLE = Automatic;
				CURRENT_PROJECT_VERSION = 1;
				DEVELOPMENT_TEAM = 86B245JDH7;
				GENERATE_INFOPLIST_FILE = YES;
				MARKETING_VERSION = 1.0;
				PRODUCT_BUNDLE_IDENTIFIER = SW.ChatBotUITests;
				PRODUCT_NAME = "$(TARGET_NAME)";
				SWIFT_EMIT_LOC_STRINGS = NO;
				SWIFT_VERSION = 5.0;
				TARGETED_DEVICE_FAMILY = "1,2";
				TEST_TARGET_NAME = ChatBot;
			};
			name = Release;
		};
/* End XCBuildConfiguration section */

/* Begin XCConfigurationList section */
		32C77FBE2C18504E00F335FE /* Build configuration list for PBXProject "ChatBot" */ = {
			isa = XCConfigurationList;
			buildConfigurations = (
				32C77FEB2C18504F00F335FE /* Debug */,
				32C77FEC2C18504F00F335FE /* Release */,
			);
			defaultConfigurationIsVisible = 0;
			defaultConfigurationName = Release;
		};
		32C77FED2C18504F00F335FE /* Build configuration list for PBXNativeTarget "ChatBot" */ = {
			isa = XCConfigurationList;
			buildConfigurations = (
				32C77FEE2C18504F00F335FE /* Debug */,
				32C77FEF2C18504F00F335FE /* Release */,
			);
			defaultConfigurationIsVisible = 0;
			defaultConfigurationName = Release;
		};
		32C77FF02C18504F00F335FE /* Build configuration list for PBXNativeTarget "ChatBotTests" */ = {
			isa = XCConfigurationList;
			buildConfigurations = (
				32C77FF12C18504F00F335FE /* Debug */,
				32C77FF22C18504F00F335FE /* Release */,
			);
			defaultConfigurationIsVisible = 0;
			defaultConfigurationName = Release;
		};
		32C77FF32C18504F00F335FE /* Build configuration list for PBXNativeTarget "ChatBotUITests" */ = {
			isa = XCConfigurationList;
			buildConfigurations = (
				32C77FF42C18504F00F335FE /* Debug */,
				32C77FF52C18504F00F335FE /* Release */,
			);
			defaultConfigurationIsVisible = 0;
			defaultConfigurationName = Release;
		};
/* End XCConfigurationList section */

/* Begin XCRemoteSwiftPackageReference section */
		320421932C19331500D72203 /* XCRemoteSwiftPackageReference "OpenAI" */ = {
			isa = XCRemoteSwiftPackageReference;
			repositoryURL = "https://github.com/MacPaw/OpenAI.git";
			requirement = {
				kind = upToNextMajorVersion;
				minimumVersion = 0.2.9;
			};
		};
		3204219C2C19405500D72203 /* XCRemoteSwiftPackageReference "SnapKit" */ = {
			isa = XCRemoteSwiftPackageReference;
			repositoryURL = "https://github.com/SnapKit/SnapKit.git";
			requirement = {
				kind = upToNextMajorVersion;
				minimumVersion = 5.7.1;
			};
		};
		323E88A42C35251000401F50 /* XCRemoteSwiftPackageReference "NVActivityIndicatorView" */ = {
			isa = XCRemoteSwiftPackageReference;
			repositoryURL = "https://github.com/ninjaprox/NVActivityIndicatorView.git";
			requirement = {
				kind = upToNextMajorVersion;
				minimumVersion = 5.2.0;
			};
		};
		3241BE4C2C44B1B90047BB71 /* XCRemoteSwiftPackageReference "GRDB.swift" */ = {
			isa = XCRemoteSwiftPackageReference;
			repositoryURL = "https://github.com/groue/GRDB.swift.git";
			requirement = {
				branch = master;
				kind = branch;
			};
		};
		326F728C2C2A5CDE00B06DF8 /* XCRemoteSwiftPackageReference "SDWebImage" */ = {
			isa = XCRemoteSwiftPackageReference;
			repositoryURL = "https://github.com/SDWebImage/SDWebImage.git";
			requirement = {
				kind = upToNextMajorVersion;
				minimumVersion = 5.19.3;
			};
		};
		327D28662C5734BB00F6ED68 /* XCRemoteSwiftPackageReference "ZMarkupParser" */ = {
			isa = XCRemoteSwiftPackageReference;
			repositoryURL = "https://github.com/ZhgChgLi/ZMarkupParser.git";
			requirement = {
				kind = upToNextMajorVersion;
				minimumVersion = 1.10.0;
			};
		};
		32800F052C22A45900FE5786 /* XCRemoteSwiftPackageReference "Kingfisher" */ = {
			isa = XCRemoteSwiftPackageReference;
			repositoryURL = "https://github.com/onevcat/Kingfisher.git";
			requirement = {
				kind = upToNextMajorVersion;
				minimumVersion = 7.12.0;
			};
		};
/* End XCRemoteSwiftPackageReference section */

/* Begin XCSwiftPackageProductDependency section */
		320421942C19331500D72203 /* OpenAI */ = {
			isa = XCSwiftPackageProductDependency;
			package = 320421932C19331500D72203 /* XCRemoteSwiftPackageReference "OpenAI" */;
			productName = OpenAI;
		};
		3204219D2C19405500D72203 /* SnapKit */ = {
			isa = XCSwiftPackageProductDependency;
			package = 3204219C2C19405500D72203 /* XCRemoteSwiftPackageReference "SnapKit" */;
			productName = SnapKit;
		};
		323E88A52C35251000401F50 /* NVActivityIndicatorView */ = {
			isa = XCSwiftPackageProductDependency;
			package = 323E88A42C35251000401F50 /* XCRemoteSwiftPackageReference "NVActivityIndicatorView" */;
			productName = NVActivityIndicatorView;
		};
		3241BE4D2C44B1B90047BB71 /* GRDB */ = {
			isa = XCSwiftPackageProductDependency;
			package = 3241BE4C2C44B1B90047BB71 /* XCRemoteSwiftPackageReference "GRDB.swift" */;
			productName = GRDB;
		};
		326F728D2C2A5CDE00B06DF8 /* SDWebImage */ = {
			isa = XCSwiftPackageProductDependency;
			package = 326F728C2C2A5CDE00B06DF8 /* XCRemoteSwiftPackageReference "SDWebImage" */;
			productName = SDWebImage;
		};
		327D28672C5739C300F6ED68 /* ZMarkupParser */ = {
			isa = XCSwiftPackageProductDependency;
			package = 327D28662C5734BB00F6ED68 /* XCRemoteSwiftPackageReference "ZMarkupParser" */;
			productName = ZMarkupParser;
		};
		32800F062C22A45900FE5786 /* Kingfisher */ = {
			isa = XCSwiftPackageProductDependency;
			package = 32800F052C22A45900FE5786 /* XCRemoteSwiftPackageReference "Kingfisher" */;
			productName = Kingfisher;
		};
/* End XCSwiftPackageProductDependency section */
	};
	rootObject = 32C77FBB2C18504E00F335FE /* Project object */;
}
